// !$*UTF8*$!
{
	archiveVersion = 1;
	classes = {
	};
	objectVersion = 46;
	objects = {

/* Begin PBXBuildFile section */
		030EF2701DB77DB200DC0832 /* MoyaSugar.framework in Frameworks */ = {isa = PBXBuildFile; fileRef = 03B724A41DB4C7290059D743 /* MoyaSugar.framework */; };
		030EF2711DB77E1A00DC0832 /* MoyaSugar.framework in Frameworks */ = {isa = PBXBuildFile; fileRef = 03B724E51DB4CFF50059D743 /* MoyaSugar.framework */; };
		030EF2721DB77E2200DC0832 /* MoyaSugar.framework in Frameworks */ = {isa = PBXBuildFile; fileRef = 03B7250F1DB4D05E0059D743 /* MoyaSugar.framework */; };
		030EF2731DB77E2700DC0832 /* MoyaSugar.framework in Frameworks */ = {isa = PBXBuildFile; fileRef = 03B725011DB4D01C0059D743 /* MoyaSugar.framework */; };
		037728501DB4EBCB0019BAA2 /* SugarTargetType.swift in Sources */ = {isa = PBXBuildFile; fileRef = 0377284F1DB4EBCB0019BAA2 /* SugarTargetType.swift */; };
		037728521DB4EBE60019BAA2 /* Parameters.swift in Sources */ = {isa = PBXBuildFile; fileRef = 037728511DB4EBE60019BAA2 /* Parameters.swift */; };
		037728541DB4EC0F0019BAA2 /* MoyaSugarProvider.swift in Sources */ = {isa = PBXBuildFile; fileRef = 037728531DB4EC0F0019BAA2 /* MoyaSugarProvider.swift */; };
		037728551DB4EC2E0019BAA2 /* Parameters.swift in Sources */ = {isa = PBXBuildFile; fileRef = 037728511DB4EBE60019BAA2 /* Parameters.swift */; };
		037728561DB4EC300019BAA2 /* SugarTargetType.swift in Sources */ = {isa = PBXBuildFile; fileRef = 0377284F1DB4EBCB0019BAA2 /* SugarTargetType.swift */; };
		037728571DB4EC310019BAA2 /* MoyaSugarProvider.swift in Sources */ = {isa = PBXBuildFile; fileRef = 037728531DB4EC0F0019BAA2 /* MoyaSugarProvider.swift */; };
		037728581DB4EC350019BAA2 /* Parameters.swift in Sources */ = {isa = PBXBuildFile; fileRef = 037728511DB4EBE60019BAA2 /* Parameters.swift */; };
		037728591DB4EC360019BAA2 /* SugarTargetType.swift in Sources */ = {isa = PBXBuildFile; fileRef = 0377284F1DB4EBCB0019BAA2 /* SugarTargetType.swift */; };
		0377285A1DB4EC400019BAA2 /* MoyaSugarProvider.swift in Sources */ = {isa = PBXBuildFile; fileRef = 037728531DB4EC0F0019BAA2 /* MoyaSugarProvider.swift */; };
		0377285B1DB4EC430019BAA2 /* Parameters.swift in Sources */ = {isa = PBXBuildFile; fileRef = 037728511DB4EBE60019BAA2 /* Parameters.swift */; };
		0377285C1DB4EC450019BAA2 /* SugarTargetType.swift in Sources */ = {isa = PBXBuildFile; fileRef = 0377284F1DB4EBCB0019BAA2 /* SugarTargetType.swift */; };
		0377285D1DB4EC470019BAA2 /* MoyaSugarProvider.swift in Sources */ = {isa = PBXBuildFile; fileRef = 037728531DB4EC0F0019BAA2 /* MoyaSugarProvider.swift */; };
		037728601DB4F1A10019BAA2 /* ParametersTests.swift in Sources */ = {isa = PBXBuildFile; fileRef = 0377285E1DB4F1240019BAA2 /* ParametersTests.swift */; };
		037728611DB4F1A50019BAA2 /* ParametersTests.swift in Sources */ = {isa = PBXBuildFile; fileRef = 0377285E1DB4F1240019BAA2 /* ParametersTests.swift */; };
		037728621DB4F1A70019BAA2 /* ParametersTests.swift in Sources */ = {isa = PBXBuildFile; fileRef = 0377285E1DB4F1240019BAA2 /* ParametersTests.swift */; };
		03B724B91DB4C7B80059D743 /* MoyaSugar.h in Headers */ = {isa = PBXBuildFile; fileRef = 03B724B71DB4C7B80059D743 /* MoyaSugar.h */; settings = {ATTRIBUTES = (Public, ); }; };
		03B724BD1DB4C82B0059D743 /* Route.swift in Sources */ = {isa = PBXBuildFile; fileRef = 03B724BC1DB4C82B0059D743 /* Route.swift */; };
		03B724D61DB4CC870059D743 /* MoyaSugar.framework in Frameworks */ = {isa = PBXBuildFile; fileRef = 03B724A41DB4C7290059D743 /* MoyaSugar.framework */; };
		03B724DF1DB4CCDE0059D743 /* RouteTests.swift in Sources */ = {isa = PBXBuildFile; fileRef = 03B724DD1DB4CCBB0059D743 /* RouteTests.swift */; };
		03B724F61DB4D0130059D743 /* MoyaSugar.framework in Frameworks */ = {isa = PBXBuildFile; fileRef = 03B724E51DB4CFF50059D743 /* MoyaSugar.framework */; };
		03B725201DB4D0660059D743 /* MoyaSugar.framework in Frameworks */ = {isa = PBXBuildFile; fileRef = 03B7250F1DB4D05E0059D743 /* MoyaSugar.framework */; };
		03B7252C1DB4D0B10059D743 /* MoyaSugar.h in Headers */ = {isa = PBXBuildFile; fileRef = 03B724B71DB4C7B80059D743 /* MoyaSugar.h */; settings = {ATTRIBUTES = (Public, ); }; };
		03B7252D1DB4D0D30059D743 /* Route.swift in Sources */ = {isa = PBXBuildFile; fileRef = 03B724BC1DB4C82B0059D743 /* Route.swift */; };
		03B7252E1DB4D10D0059D743 /* Route.swift in Sources */ = {isa = PBXBuildFile; fileRef = 03B724BC1DB4C82B0059D743 /* Route.swift */; };
		03B7252F1DB4D1120059D743 /* MoyaSugar.h in Headers */ = {isa = PBXBuildFile; fileRef = 03B724B71DB4C7B80059D743 /* MoyaSugar.h */; settings = {ATTRIBUTES = (Public, ); }; };
		03B725301DB4D1170059D743 /* RouteTests.swift in Sources */ = {isa = PBXBuildFile; fileRef = 03B724DD1DB4CCBB0059D743 /* RouteTests.swift */; };
		03B725311DB4D11B0059D743 /* RouteTests.swift in Sources */ = {isa = PBXBuildFile; fileRef = 03B724DD1DB4CCBB0059D743 /* RouteTests.swift */; };
		03B725321DB4D11F0059D743 /* Route.swift in Sources */ = {isa = PBXBuildFile; fileRef = 03B724BC1DB4C82B0059D743 /* Route.swift */; };
		03B725331DB4D1200059D743 /* MoyaSugar.h in Headers */ = {isa = PBXBuildFile; fileRef = 03B724B71DB4C7B80059D743 /* MoyaSugar.h */; settings = {ATTRIBUTES = (Public, ); }; };
		03DC8CAA1DB5F58900A4FACE /* SugarTargetTypeTests.swift in Sources */ = {isa = PBXBuildFile; fileRef = 03DC8CA81DB5F57F00A4FACE /* SugarTargetTypeTests.swift */; };
		03DC8CAB1DB5F58C00A4FACE /* SugarTargetTypeTests.swift in Sources */ = {isa = PBXBuildFile; fileRef = 03DC8CA81DB5F57F00A4FACE /* SugarTargetTypeTests.swift */; };
		03DC8CAC1DB5F58E00A4FACE /* SugarTargetTypeTests.swift in Sources */ = {isa = PBXBuildFile; fileRef = 03DC8CA81DB5F57F00A4FACE /* SugarTargetTypeTests.swift */; };
		03DC8CB01DB6144300A4FACE /* MoyaSugarProviderTests.swift in Sources */ = {isa = PBXBuildFile; fileRef = 03DC8CAD1DB6143800A4FACE /* MoyaSugarProviderTests.swift */; };
		03DC8CB11DB6144600A4FACE /* MoyaSugarProviderTests.swift in Sources */ = {isa = PBXBuildFile; fileRef = 03DC8CAD1DB6143800A4FACE /* MoyaSugarProviderTests.swift */; };
		03DC8CB21DB6144900A4FACE /* MoyaSugarProviderTests.swift in Sources */ = {isa = PBXBuildFile; fileRef = 03DC8CAD1DB6143800A4FACE /* MoyaSugarProviderTests.swift */; };
		03DC8CB51DB6179300A4FACE /* GitHubAPI.swift in Sources */ = {isa = PBXBuildFile; fileRef = 03DC8CB31DB6174100A4FACE /* GitHubAPI.swift */; };
		03DC8CB61DB6179600A4FACE /* GitHubAPI.swift in Sources */ = {isa = PBXBuildFile; fileRef = 03DC8CB31DB6174100A4FACE /* GitHubAPI.swift */; };
		03DC8CB71DB6179800A4FACE /* GitHubAPI.swift in Sources */ = {isa = PBXBuildFile; fileRef = 03DC8CB31DB6174100A4FACE /* GitHubAPI.swift */; };
		03EA3C821DB778C70012EFDD /* RxMoyaSugarProvider.swift in Sources */ = {isa = PBXBuildFile; fileRef = 03EA3C731DB777290012EFDD /* RxMoyaSugarProvider.swift */; };
		03EA3CAB1DB779150012EFDD /* RxMoyaSugarProvider.swift in Sources */ = {isa = PBXBuildFile; fileRef = 03EA3C731DB777290012EFDD /* RxMoyaSugarProvider.swift */; };
		03EA3CAC1DB779170012EFDD /* RxMoyaSugarProvider.swift in Sources */ = {isa = PBXBuildFile; fileRef = 03EA3C731DB777290012EFDD /* RxMoyaSugarProvider.swift */; };
		03EA3CAD1DB7791C0012EFDD /* RxMoyaSugarProvider.swift in Sources */ = {isa = PBXBuildFile; fileRef = 03EA3C731DB777290012EFDD /* RxMoyaSugarProvider.swift */; };
		03EA3CB01DB7795C0012EFDD /* RxMoyaSugar.h in Headers */ = {isa = PBXBuildFile; fileRef = 03EA3CAE1DB779480012EFDD /* RxMoyaSugar.h */; settings = {ATTRIBUTES = (Public, ); }; };
		03EA3CB11DB7795F0012EFDD /* RxMoyaSugar.h in Headers */ = {isa = PBXBuildFile; fileRef = 03EA3CAE1DB779480012EFDD /* RxMoyaSugar.h */; settings = {ATTRIBUTES = (Public, ); }; };
		03EA3CB21DB779620012EFDD /* RxMoyaSugar.h in Headers */ = {isa = PBXBuildFile; fileRef = 03EA3CAE1DB779480012EFDD /* RxMoyaSugar.h */; settings = {ATTRIBUTES = (Public, ); }; };
		03EA3CB31DB779640012EFDD /* RxMoyaSugar.h in Headers */ = {isa = PBXBuildFile; fileRef = 03EA3CAE1DB779480012EFDD /* RxMoyaSugar.h */; settings = {ATTRIBUTES = (Public, ); }; };
		3CFF53658F3854D8AA362A22 /* Pods_MoyaSugar_RxMoyaSugar_RxMoyaSugar_iOS.framework in Frameworks */ = {isa = PBXBuildFile; fileRef = 86B75A1199CB09C18D3FCF40 /* Pods_MoyaSugar_RxMoyaSugar_RxMoyaSugar_iOS.framework */; };
		56D520206A55EFAE45FB7777 /* Pods_MoyaSugar_RxMoyaSugar_RxMoyaSugar_tvOS.framework in Frameworks */ = {isa = PBXBuildFile; fileRef = 46047FD1E23CF3AF21E245F0 /* Pods_MoyaSugar_RxMoyaSugar_RxMoyaSugar_tvOS.framework */; };
		890D9ED00AEC8998D9F6E1C8 /* Pods_MoyaSugar_MoyaSugar_macOS.framework in Frameworks */ = {isa = PBXBuildFile; fileRef = EDB4719E0D22D9F0C640ABBE /* Pods_MoyaSugar_MoyaSugar_macOS.framework */; };
		983A1E1C7A0BCA6FAA2E0429 /* Pods_MoyaSugar_Tests_MoyaSugar_iOS_Tests.framework in Frameworks */ = {isa = PBXBuildFile; fileRef = 5D5D02C2399009E4FE6681C6 /* Pods_MoyaSugar_Tests_MoyaSugar_iOS_Tests.framework */; };
		A6172BC712CBFE514754293F /* Pods_MoyaSugar_Tests_MoyaSugar_macOS_Tests.framework in Frameworks */ = {isa = PBXBuildFile; fileRef = 300BBFCDA3457FE9B3DCB452 /* Pods_MoyaSugar_Tests_MoyaSugar_macOS_Tests.framework */; };
		AD7DA6A67208127C83E777AA /* Pods_MoyaSugar_Tests_MoyaSugar_tvOS_Tests.framework in Frameworks */ = {isa = PBXBuildFile; fileRef = 34B838867BF4742437A48FFD /* Pods_MoyaSugar_Tests_MoyaSugar_tvOS_Tests.framework */; };
		BADD1EBEBB0C68570108F17F /* Pods_MoyaSugar_MoyaSugar_tvOS.framework in Frameworks */ = {isa = PBXBuildFile; fileRef = F09178EEFE80766E253A736C /* Pods_MoyaSugar_MoyaSugar_tvOS.framework */; };
		BB9375974C9B56A9793F3D36 /* Pods_MoyaSugar_RxMoyaSugar_RxMoyaSugar_macOS.framework in Frameworks */ = {isa = PBXBuildFile; fileRef = DDE939FA139EC318831A638A /* Pods_MoyaSugar_RxMoyaSugar_RxMoyaSugar_macOS.framework */; };
		BEF97491C112280136C0FB19 /* Pods_MoyaSugar_MoyaSugar_iOS.framework in Frameworks */ = {isa = PBXBuildFile; fileRef = 065849459BF17935C0299041 /* Pods_MoyaSugar_MoyaSugar_iOS.framework */; };
		C6C0A856EE095FA8CFB72B0C /* Pods_MoyaSugar_MoyaSugar_watchOS.framework in Frameworks */ = {isa = PBXBuildFile; fileRef = 26306B9CA5C8A87661316143 /* Pods_MoyaSugar_MoyaSugar_watchOS.framework */; };
		FA7AF93000B8629F8340A8C7 /* Pods_MoyaSugar_RxMoyaSugar_RxMoyaSugar_watchOS.framework in Frameworks */ = {isa = PBXBuildFile; fileRef = 13912CADAB0BB05EC087DA58 /* Pods_MoyaSugar_RxMoyaSugar_RxMoyaSugar_watchOS.framework */; };
/* End PBXBuildFile section */

/* Begin PBXContainerItemProxy section */
		03B724D71DB4CC870059D743 /* PBXContainerItemProxy */ = {
			isa = PBXContainerItemProxy;
			containerPortal = 03B7249B1DB4C7290059D743 /* Project object */;
			proxyType = 1;
			remoteGlobalIDString = 03B724A31DB4C7290059D743;
			remoteInfo = "MoyaSugar-iOS";
		};
		03B724F71DB4D0130059D743 /* PBXContainerItemProxy */ = {
			isa = PBXContainerItemProxy;
			containerPortal = 03B7249B1DB4C7290059D743 /* Project object */;
			proxyType = 1;
			remoteGlobalIDString = 03B724E41DB4CFF50059D743;
			remoteInfo = "MoyaSugar-macOS";
		};
		03B725211DB4D0660059D743 /* PBXContainerItemProxy */ = {
			isa = PBXContainerItemProxy;
			containerPortal = 03B7249B1DB4C7290059D743 /* Project object */;
			proxyType = 1;
			remoteGlobalIDString = 03B7250E1DB4D05E0059D743;
			remoteInfo = "MoyaSugar-tvOS";
		};
/* End PBXContainerItemProxy section */

/* Begin PBXFileReference section */
		0377284F1DB4EBCB0019BAA2 /* SugarTargetType.swift */ = {isa = PBXFileReference; fileEncoding = 4; lastKnownFileType = sourcecode.swift; path = SugarTargetType.swift; sourceTree = "<group>"; };
		037728511DB4EBE60019BAA2 /* Parameters.swift */ = {isa = PBXFileReference; fileEncoding = 4; lastKnownFileType = sourcecode.swift; path = Parameters.swift; sourceTree = "<group>"; };
		037728531DB4EC0F0019BAA2 /* MoyaSugarProvider.swift */ = {isa = PBXFileReference; fileEncoding = 4; lastKnownFileType = sourcecode.swift; path = MoyaSugarProvider.swift; sourceTree = "<group>"; };
		0377285E1DB4F1240019BAA2 /* ParametersTests.swift */ = {isa = PBXFileReference; fileEncoding = 4; lastKnownFileType = sourcecode.swift; path = ParametersTests.swift; sourceTree = "<group>"; };
		03B724A41DB4C7290059D743 /* MoyaSugar.framework */ = {isa = PBXFileReference; explicitFileType = wrapper.framework; includeInIndex = 0; path = MoyaSugar.framework; sourceTree = BUILT_PRODUCTS_DIR; };
		03B724B71DB4C7B80059D743 /* MoyaSugar.h */ = {isa = PBXFileReference; fileEncoding = 4; lastKnownFileType = sourcecode.c.h; path = MoyaSugar.h; sourceTree = "<group>"; };
		03B724BA1DB4C7D40059D743 /* Info-iOS.plist */ = {isa = PBXFileReference; fileEncoding = 4; lastKnownFileType = text.plist.xml; path = "Info-iOS.plist"; sourceTree = "<group>"; };
		03B724BC1DB4C82B0059D743 /* Route.swift */ = {isa = PBXFileReference; fileEncoding = 4; lastKnownFileType = sourcecode.swift; path = Route.swift; sourceTree = "<group>"; };
		03B724D11DB4CC870059D743 /* MoyaSugar-iOS-Tests.xctest */ = {isa = PBXFileReference; explicitFileType = wrapper.cfbundle; includeInIndex = 0; path = "MoyaSugar-iOS-Tests.xctest"; sourceTree = BUILT_PRODUCTS_DIR; };
		03B724DD1DB4CCBB0059D743 /* RouteTests.swift */ = {isa = PBXFileReference; fileEncoding = 4; lastKnownFileType = sourcecode.swift; path = RouteTests.swift; sourceTree = "<group>"; };
		03B724E51DB4CFF50059D743 /* MoyaSugar.framework */ = {isa = PBXFileReference; explicitFileType = wrapper.framework; includeInIndex = 0; path = MoyaSugar.framework; sourceTree = BUILT_PRODUCTS_DIR; };
		03B724F11DB4D0130059D743 /* MoyaSugar-macOS-Tests.xctest */ = {isa = PBXFileReference; explicitFileType = wrapper.cfbundle; includeInIndex = 0; path = "MoyaSugar-macOS-Tests.xctest"; sourceTree = BUILT_PRODUCTS_DIR; };
		03B725011DB4D01C0059D743 /* MoyaSugar.framework */ = {isa = PBXFileReference; explicitFileType = wrapper.framework; includeInIndex = 0; path = MoyaSugar.framework; sourceTree = BUILT_PRODUCTS_DIR; };
		03B7250F1DB4D05E0059D743 /* MoyaSugar.framework */ = {isa = PBXFileReference; explicitFileType = wrapper.framework; includeInIndex = 0; path = MoyaSugar.framework; sourceTree = BUILT_PRODUCTS_DIR; };
		03B7251B1DB4D0660059D743 /* MoyaSugar-tvOS-Tests.xctest */ = {isa = PBXFileReference; explicitFileType = wrapper.cfbundle; includeInIndex = 0; path = "MoyaSugar-tvOS-Tests.xctest"; sourceTree = BUILT_PRODUCTS_DIR; };
		03B725261DB4D0A50059D743 /* Info-macOS.plist */ = {isa = PBXFileReference; fileEncoding = 4; lastKnownFileType = text.plist.xml; path = "Info-macOS.plist"; sourceTree = "<group>"; };
		03B725271DB4D0A50059D743 /* Info-tvOS.plist */ = {isa = PBXFileReference; fileEncoding = 4; lastKnownFileType = text.plist.xml; path = "Info-tvOS.plist"; sourceTree = "<group>"; };
		03B725281DB4D0A50059D743 /* Info-watchOS.plist */ = {isa = PBXFileReference; fileEncoding = 4; lastKnownFileType = text.plist.xml; path = "Info-watchOS.plist"; sourceTree = "<group>"; };
		03DC8CA81DB5F57F00A4FACE /* SugarTargetTypeTests.swift */ = {isa = PBXFileReference; fileEncoding = 4; lastKnownFileType = sourcecode.swift; path = SugarTargetTypeTests.swift; sourceTree = "<group>"; };
		03DC8CAD1DB6143800A4FACE /* MoyaSugarProviderTests.swift */ = {isa = PBXFileReference; fileEncoding = 4; lastKnownFileType = sourcecode.swift; path = MoyaSugarProviderTests.swift; sourceTree = "<group>"; };
		03DC8CB31DB6174100A4FACE /* GitHubAPI.swift */ = {isa = PBXFileReference; fileEncoding = 4; lastKnownFileType = sourcecode.swift; path = GitHubAPI.swift; sourceTree = "<group>"; };
		03EA3C731DB777290012EFDD /* RxMoyaSugarProvider.swift */ = {isa = PBXFileReference; fileEncoding = 4; lastKnownFileType = sourcecode.swift; path = RxMoyaSugarProvider.swift; sourceTree = "<group>"; };
		03EA3C7A1DB778C10012EFDD /* RxMoyaSugar.framework */ = {isa = PBXFileReference; explicitFileType = wrapper.framework; includeInIndex = 0; path = RxMoyaSugar.framework; sourceTree = BUILT_PRODUCTS_DIR; };
		03EA3C891DB778EB0012EFDD /* RxMoyaSugar.framework */ = {isa = PBXFileReference; explicitFileType = wrapper.framework; includeInIndex = 0; path = RxMoyaSugar.framework; sourceTree = BUILT_PRODUCTS_DIR; };
		03EA3C961DB778F30012EFDD /* RxMoyaSugar.framework */ = {isa = PBXFileReference; explicitFileType = wrapper.framework; includeInIndex = 0; path = RxMoyaSugar.framework; sourceTree = BUILT_PRODUCTS_DIR; };
		03EA3CA31DB778FA0012EFDD /* RxMoyaSugar.framework */ = {isa = PBXFileReference; explicitFileType = wrapper.framework; includeInIndex = 0; path = RxMoyaSugar.framework; sourceTree = BUILT_PRODUCTS_DIR; };
		03EA3CAE1DB779480012EFDD /* RxMoyaSugar.h */ = {isa = PBXFileReference; fileEncoding = 4; lastKnownFileType = sourcecode.c.h; path = RxMoyaSugar.h; sourceTree = "<group>"; };
		04E85CDB5474A3691249CA33 /* Pods-MoyaSugar-Tests-MoyaSugar-macOS-Tests.release.xcconfig */ = {isa = PBXFileReference; includeInIndex = 1; lastKnownFileType = text.xcconfig; name = "Pods-MoyaSugar-Tests-MoyaSugar-macOS-Tests.release.xcconfig"; path = "Pods/Target Support Files/Pods-MoyaSugar-Tests-MoyaSugar-macOS-Tests/Pods-MoyaSugar-Tests-MoyaSugar-macOS-Tests.release.xcconfig"; sourceTree = "<group>"; };
		065849459BF17935C0299041 /* Pods_MoyaSugar_MoyaSugar_iOS.framework */ = {isa = PBXFileReference; explicitFileType = wrapper.framework; includeInIndex = 0; path = Pods_MoyaSugar_MoyaSugar_iOS.framework; sourceTree = BUILT_PRODUCTS_DIR; };
		12D4C908A3EC81613E59805E /* Pods-MoyaSugar-Tests-MoyaSugar-iOS-Tests.release.xcconfig */ = {isa = PBXFileReference; includeInIndex = 1; lastKnownFileType = text.xcconfig; name = "Pods-MoyaSugar-Tests-MoyaSugar-iOS-Tests.release.xcconfig"; path = "Pods/Target Support Files/Pods-MoyaSugar-Tests-MoyaSugar-iOS-Tests/Pods-MoyaSugar-Tests-MoyaSugar-iOS-Tests.release.xcconfig"; sourceTree = "<group>"; };
		13912CADAB0BB05EC087DA58 /* Pods_MoyaSugar_RxMoyaSugar_RxMoyaSugar_watchOS.framework */ = {isa = PBXFileReference; explicitFileType = wrapper.framework; includeInIndex = 0; path = Pods_MoyaSugar_RxMoyaSugar_RxMoyaSugar_watchOS.framework; sourceTree = BUILT_PRODUCTS_DIR; };
		1439F85AD89837C2AE323452 /* Pods-MoyaSugar-MoyaSugar-watchOS.debug.xcconfig */ = {isa = PBXFileReference; includeInIndex = 1; lastKnownFileType = text.xcconfig; name = "Pods-MoyaSugar-MoyaSugar-watchOS.debug.xcconfig"; path = "Pods/Target Support Files/Pods-MoyaSugar-MoyaSugar-watchOS/Pods-MoyaSugar-MoyaSugar-watchOS.debug.xcconfig"; sourceTree = "<group>"; };
		1E443976D30D33A633620D75 /* Pods-MoyaSugar-RxMoyaSugar-RxMoyaSugar-tvOS.release.xcconfig */ = {isa = PBXFileReference; includeInIndex = 1; lastKnownFileType = text.xcconfig; name = "Pods-MoyaSugar-RxMoyaSugar-RxMoyaSugar-tvOS.release.xcconfig"; path = "Pods/Target Support Files/Pods-MoyaSugar-RxMoyaSugar-RxMoyaSugar-tvOS/Pods-MoyaSugar-RxMoyaSugar-RxMoyaSugar-tvOS.release.xcconfig"; sourceTree = "<group>"; };
		26306B9CA5C8A87661316143 /* Pods_MoyaSugar_MoyaSugar_watchOS.framework */ = {isa = PBXFileReference; explicitFileType = wrapper.framework; includeInIndex = 0; path = Pods_MoyaSugar_MoyaSugar_watchOS.framework; sourceTree = BUILT_PRODUCTS_DIR; };
		300BBFCDA3457FE9B3DCB452 /* Pods_MoyaSugar_Tests_MoyaSugar_macOS_Tests.framework */ = {isa = PBXFileReference; explicitFileType = wrapper.framework; includeInIndex = 0; path = Pods_MoyaSugar_Tests_MoyaSugar_macOS_Tests.framework; sourceTree = BUILT_PRODUCTS_DIR; };
		34B838867BF4742437A48FFD /* Pods_MoyaSugar_Tests_MoyaSugar_tvOS_Tests.framework */ = {isa = PBXFileReference; explicitFileType = wrapper.framework; includeInIndex = 0; path = Pods_MoyaSugar_Tests_MoyaSugar_tvOS_Tests.framework; sourceTree = BUILT_PRODUCTS_DIR; };
		37A3940A8170B4E2FED6BF95 /* Pods-MoyaSugar-RxMoyaSugar-RxMoyaSugar-iOS.debug.xcconfig */ = {isa = PBXFileReference; includeInIndex = 1; lastKnownFileType = text.xcconfig; name = "Pods-MoyaSugar-RxMoyaSugar-RxMoyaSugar-iOS.debug.xcconfig"; path = "Pods/Target Support Files/Pods-MoyaSugar-RxMoyaSugar-RxMoyaSugar-iOS/Pods-MoyaSugar-RxMoyaSugar-RxMoyaSugar-iOS.debug.xcconfig"; sourceTree = "<group>"; };
		3AB516DD54C0FC1B894E26F8 /* Pods-MoyaSugar-MoyaSugar-tvOS.release.xcconfig */ = {isa = PBXFileReference; includeInIndex = 1; lastKnownFileType = text.xcconfig; name = "Pods-MoyaSugar-MoyaSugar-tvOS.release.xcconfig"; path = "Pods/Target Support Files/Pods-MoyaSugar-MoyaSugar-tvOS/Pods-MoyaSugar-MoyaSugar-tvOS.release.xcconfig"; sourceTree = "<group>"; };
		457634B02631850D67F4EF13 /* Pods-MoyaSugar-MoyaSugar-iOS.release.xcconfig */ = {isa = PBXFileReference; includeInIndex = 1; lastKnownFileType = text.xcconfig; name = "Pods-MoyaSugar-MoyaSugar-iOS.release.xcconfig"; path = "Pods/Target Support Files/Pods-MoyaSugar-MoyaSugar-iOS/Pods-MoyaSugar-MoyaSugar-iOS.release.xcconfig"; sourceTree = "<group>"; };
		46047FD1E23CF3AF21E245F0 /* Pods_MoyaSugar_RxMoyaSugar_RxMoyaSugar_tvOS.framework */ = {isa = PBXFileReference; explicitFileType = wrapper.framework; includeInIndex = 0; path = Pods_MoyaSugar_RxMoyaSugar_RxMoyaSugar_tvOS.framework; sourceTree = BUILT_PRODUCTS_DIR; };
		4B4FA23232A66BBEDD6EAD4D /* Pods-MoyaSugar-Tests-MoyaSugar-iOS-Tests.debug.xcconfig */ = {isa = PBXFileReference; includeInIndex = 1; lastKnownFileType = text.xcconfig; name = "Pods-MoyaSugar-Tests-MoyaSugar-iOS-Tests.debug.xcconfig"; path = "Pods/Target Support Files/Pods-MoyaSugar-Tests-MoyaSugar-iOS-Tests/Pods-MoyaSugar-Tests-MoyaSugar-iOS-Tests.debug.xcconfig"; sourceTree = "<group>"; };
		53905742A614069161C913C4 /* Pods-MoyaSugar-MoyaSugar-macOS.debug.xcconfig */ = {isa = PBXFileReference; includeInIndex = 1; lastKnownFileType = text.xcconfig; name = "Pods-MoyaSugar-MoyaSugar-macOS.debug.xcconfig"; path = "Pods/Target Support Files/Pods-MoyaSugar-MoyaSugar-macOS/Pods-MoyaSugar-MoyaSugar-macOS.debug.xcconfig"; sourceTree = "<group>"; };
		56F1496329C3F0D55BFB9CDD /* Pods-MoyaSugar-MoyaSugar-macOS.release.xcconfig */ = {isa = PBXFileReference; includeInIndex = 1; lastKnownFileType = text.xcconfig; name = "Pods-MoyaSugar-MoyaSugar-macOS.release.xcconfig"; path = "Pods/Target Support Files/Pods-MoyaSugar-MoyaSugar-macOS/Pods-MoyaSugar-MoyaSugar-macOS.release.xcconfig"; sourceTree = "<group>"; };
		5BD07B3F88785ECCC17513D9 /* Pods-MoyaSugar-RxMoyaSugar-RxMoyaSugar-watchOS.release.xcconfig */ = {isa = PBXFileReference; includeInIndex = 1; lastKnownFileType = text.xcconfig; name = "Pods-MoyaSugar-RxMoyaSugar-RxMoyaSugar-watchOS.release.xcconfig"; path = "Pods/Target Support Files/Pods-MoyaSugar-RxMoyaSugar-RxMoyaSugar-watchOS/Pods-MoyaSugar-RxMoyaSugar-RxMoyaSugar-watchOS.release.xcconfig"; sourceTree = "<group>"; };
		5D5D02C2399009E4FE6681C6 /* Pods_MoyaSugar_Tests_MoyaSugar_iOS_Tests.framework */ = {isa = PBXFileReference; explicitFileType = wrapper.framework; includeInIndex = 0; path = Pods_MoyaSugar_Tests_MoyaSugar_iOS_Tests.framework; sourceTree = BUILT_PRODUCTS_DIR; };
		7393BA6A8C41591509D03711 /* Pods-MoyaSugar-RxMoyaSugar-RxMoyaSugar-watchOS.debug.xcconfig */ = {isa = PBXFileReference; includeInIndex = 1; lastKnownFileType = text.xcconfig; name = "Pods-MoyaSugar-RxMoyaSugar-RxMoyaSugar-watchOS.debug.xcconfig"; path = "Pods/Target Support Files/Pods-MoyaSugar-RxMoyaSugar-RxMoyaSugar-watchOS/Pods-MoyaSugar-RxMoyaSugar-RxMoyaSugar-watchOS.debug.xcconfig"; sourceTree = "<group>"; };
		86B75A1199CB09C18D3FCF40 /* Pods_MoyaSugar_RxMoyaSugar_RxMoyaSugar_iOS.framework */ = {isa = PBXFileReference; explicitFileType = wrapper.framework; includeInIndex = 0; path = Pods_MoyaSugar_RxMoyaSugar_RxMoyaSugar_iOS.framework; sourceTree = BUILT_PRODUCTS_DIR; };
		8CA592201418145F2A215329 /* Pods-MoyaSugar-RxMoyaSugar-RxMoyaSugar-tvOS.debug.xcconfig */ = {isa = PBXFileReference; includeInIndex = 1; lastKnownFileType = text.xcconfig; name = "Pods-MoyaSugar-RxMoyaSugar-RxMoyaSugar-tvOS.debug.xcconfig"; path = "Pods/Target Support Files/Pods-MoyaSugar-RxMoyaSugar-RxMoyaSugar-tvOS/Pods-MoyaSugar-RxMoyaSugar-RxMoyaSugar-tvOS.debug.xcconfig"; sourceTree = "<group>"; };
		8CC2F5EC9FAFCC0EB9564F42 /* Pods-MoyaSugar-RxMoyaSugar-RxMoyaSugar-macOS.release.xcconfig */ = {isa = PBXFileReference; includeInIndex = 1; lastKnownFileType = text.xcconfig; name = "Pods-MoyaSugar-RxMoyaSugar-RxMoyaSugar-macOS.release.xcconfig"; path = "Pods/Target Support Files/Pods-MoyaSugar-RxMoyaSugar-RxMoyaSugar-macOS/Pods-MoyaSugar-RxMoyaSugar-RxMoyaSugar-macOS.release.xcconfig"; sourceTree = "<group>"; };
		91AD495F88A489204236A640 /* Pods-MoyaSugar-MoyaSugar-watchOS.release.xcconfig */ = {isa = PBXFileReference; includeInIndex = 1; lastKnownFileType = text.xcconfig; name = "Pods-MoyaSugar-MoyaSugar-watchOS.release.xcconfig"; path = "Pods/Target Support Files/Pods-MoyaSugar-MoyaSugar-watchOS/Pods-MoyaSugar-MoyaSugar-watchOS.release.xcconfig"; sourceTree = "<group>"; };
		A8E3D99DE64021783374583E /* Pods-MoyaSugar-MoyaSugar-iOS.debug.xcconfig */ = {isa = PBXFileReference; includeInIndex = 1; lastKnownFileType = text.xcconfig; name = "Pods-MoyaSugar-MoyaSugar-iOS.debug.xcconfig"; path = "Pods/Target Support Files/Pods-MoyaSugar-MoyaSugar-iOS/Pods-MoyaSugar-MoyaSugar-iOS.debug.xcconfig"; sourceTree = "<group>"; };
		AD8463E4872EDBDCD2CAB6A6 /* Pods-MoyaSugar-Tests-MoyaSugar-macOS-Tests.debug.xcconfig */ = {isa = PBXFileReference; includeInIndex = 1; lastKnownFileType = text.xcconfig; name = "Pods-MoyaSugar-Tests-MoyaSugar-macOS-Tests.debug.xcconfig"; path = "Pods/Target Support Files/Pods-MoyaSugar-Tests-MoyaSugar-macOS-Tests/Pods-MoyaSugar-Tests-MoyaSugar-macOS-Tests.debug.xcconfig"; sourceTree = "<group>"; };
		C5BB4404AFB85CDDEB103EC5 /* Pods-MoyaSugar-MoyaSugar-tvOS.debug.xcconfig */ = {isa = PBXFileReference; includeInIndex = 1; lastKnownFileType = text.xcconfig; name = "Pods-MoyaSugar-MoyaSugar-tvOS.debug.xcconfig"; path = "Pods/Target Support Files/Pods-MoyaSugar-MoyaSugar-tvOS/Pods-MoyaSugar-MoyaSugar-tvOS.debug.xcconfig"; sourceTree = "<group>"; };
		CAD2FFE1E9F13A2B371B2B66 /* Pods-MoyaSugar-Tests-MoyaSugar-tvOS-Tests.release.xcconfig */ = {isa = PBXFileReference; includeInIndex = 1; lastKnownFileType = text.xcconfig; name = "Pods-MoyaSugar-Tests-MoyaSugar-tvOS-Tests.release.xcconfig"; path = "Pods/Target Support Files/Pods-MoyaSugar-Tests-MoyaSugar-tvOS-Tests/Pods-MoyaSugar-Tests-MoyaSugar-tvOS-Tests.release.xcconfig"; sourceTree = "<group>"; };
		CB0D95FE6B25023D3B420576 /* Pods-MoyaSugar-RxMoyaSugar-RxMoyaSugar-macOS.debug.xcconfig */ = {isa = PBXFileReference; includeInIndex = 1; lastKnownFileType = text.xcconfig; name = "Pods-MoyaSugar-RxMoyaSugar-RxMoyaSugar-macOS.debug.xcconfig"; path = "Pods/Target Support Files/Pods-MoyaSugar-RxMoyaSugar-RxMoyaSugar-macOS/Pods-MoyaSugar-RxMoyaSugar-RxMoyaSugar-macOS.debug.xcconfig"; sourceTree = "<group>"; };
		DDE939FA139EC318831A638A /* Pods_MoyaSugar_RxMoyaSugar_RxMoyaSugar_macOS.framework */ = {isa = PBXFileReference; explicitFileType = wrapper.framework; includeInIndex = 0; path = Pods_MoyaSugar_RxMoyaSugar_RxMoyaSugar_macOS.framework; sourceTree = BUILT_PRODUCTS_DIR; };
		EDB4719E0D22D9F0C640ABBE /* Pods_MoyaSugar_MoyaSugar_macOS.framework */ = {isa = PBXFileReference; explicitFileType = wrapper.framework; includeInIndex = 0; path = Pods_MoyaSugar_MoyaSugar_macOS.framework; sourceTree = BUILT_PRODUCTS_DIR; };
		EFE14FB610AA50A1B97DE8FA /* Pods-MoyaSugar-Tests-MoyaSugar-tvOS-Tests.debug.xcconfig */ = {isa = PBXFileReference; includeInIndex = 1; lastKnownFileType = text.xcconfig; name = "Pods-MoyaSugar-Tests-MoyaSugar-tvOS-Tests.debug.xcconfig"; path = "Pods/Target Support Files/Pods-MoyaSugar-Tests-MoyaSugar-tvOS-Tests/Pods-MoyaSugar-Tests-MoyaSugar-tvOS-Tests.debug.xcconfig"; sourceTree = "<group>"; };
		F09178EEFE80766E253A736C /* Pods_MoyaSugar_MoyaSugar_tvOS.framework */ = {isa = PBXFileReference; explicitFileType = wrapper.framework; includeInIndex = 0; path = Pods_MoyaSugar_MoyaSugar_tvOS.framework; sourceTree = BUILT_PRODUCTS_DIR; };
		F9C8AADD875B34F5138D0760 /* Pods-MoyaSugar-RxMoyaSugar-RxMoyaSugar-iOS.release.xcconfig */ = {isa = PBXFileReference; includeInIndex = 1; lastKnownFileType = text.xcconfig; name = "Pods-MoyaSugar-RxMoyaSugar-RxMoyaSugar-iOS.release.xcconfig"; path = "Pods/Target Support Files/Pods-MoyaSugar-RxMoyaSugar-RxMoyaSugar-iOS/Pods-MoyaSugar-RxMoyaSugar-RxMoyaSugar-iOS.release.xcconfig"; sourceTree = "<group>"; };
/* End PBXFileReference section */

/* Begin PBXFrameworksBuildPhase section */
		03B724A01DB4C7290059D743 /* Frameworks */ = {
			isa = PBXFrameworksBuildPhase;
			buildActionMask = 2147483647;
			files = (
				BEF97491C112280136C0FB19 /* Pods_MoyaSugar_MoyaSugar_iOS.framework in Frameworks */,
			);
			runOnlyForDeploymentPostprocessing = 0;
		};
		03B724CE1DB4CC870059D743 /* Frameworks */ = {
			isa = PBXFrameworksBuildPhase;
			buildActionMask = 2147483647;
			files = (
				03B724D61DB4CC870059D743 /* MoyaSugar.framework in Frameworks */,
				983A1E1C7A0BCA6FAA2E0429 /* Pods_MoyaSugar_Tests_MoyaSugar_iOS_Tests.framework in Frameworks */,
			);
			runOnlyForDeploymentPostprocessing = 0;
		};
		03B724E11DB4CFF50059D743 /* Frameworks */ = {
			isa = PBXFrameworksBuildPhase;
			buildActionMask = 2147483647;
			files = (
				890D9ED00AEC8998D9F6E1C8 /* Pods_MoyaSugar_MoyaSugar_macOS.framework in Frameworks */,
			);
			runOnlyForDeploymentPostprocessing = 0;
		};
		03B724EE1DB4D0130059D743 /* Frameworks */ = {
			isa = PBXFrameworksBuildPhase;
			buildActionMask = 2147483647;
			files = (
				03B724F61DB4D0130059D743 /* MoyaSugar.framework in Frameworks */,
				A6172BC712CBFE514754293F /* Pods_MoyaSugar_Tests_MoyaSugar_macOS_Tests.framework in Frameworks */,
			);
			runOnlyForDeploymentPostprocessing = 0;
		};
		03B724FD1DB4D01C0059D743 /* Frameworks */ = {
			isa = PBXFrameworksBuildPhase;
			buildActionMask = 2147483647;
			files = (
				C6C0A856EE095FA8CFB72B0C /* Pods_MoyaSugar_MoyaSugar_watchOS.framework in Frameworks */,
			);
			runOnlyForDeploymentPostprocessing = 0;
		};
		03B7250B1DB4D05E0059D743 /* Frameworks */ = {
			isa = PBXFrameworksBuildPhase;
			buildActionMask = 2147483647;
			files = (
				BADD1EBEBB0C68570108F17F /* Pods_MoyaSugar_MoyaSugar_tvOS.framework in Frameworks */,
			);
			runOnlyForDeploymentPostprocessing = 0;
		};
		03B725181DB4D0660059D743 /* Frameworks */ = {
			isa = PBXFrameworksBuildPhase;
			buildActionMask = 2147483647;
			files = (
				03B725201DB4D0660059D743 /* MoyaSugar.framework in Frameworks */,
				AD7DA6A67208127C83E777AA /* Pods_MoyaSugar_Tests_MoyaSugar_tvOS_Tests.framework in Frameworks */,
			);
			runOnlyForDeploymentPostprocessing = 0;
		};
		03EA3C761DB778C10012EFDD /* Frameworks */ = {
			isa = PBXFrameworksBuildPhase;
			buildActionMask = 2147483647;
			files = (
				030EF2701DB77DB200DC0832 /* MoyaSugar.framework in Frameworks */,
				3CFF53658F3854D8AA362A22 /* Pods_MoyaSugar_RxMoyaSugar_RxMoyaSugar_iOS.framework in Frameworks */,
			);
			runOnlyForDeploymentPostprocessing = 0;
		};
		03EA3C851DB778EB0012EFDD /* Frameworks */ = {
			isa = PBXFrameworksBuildPhase;
			buildActionMask = 2147483647;
			files = (
				030EF2711DB77E1A00DC0832 /* MoyaSugar.framework in Frameworks */,
				BB9375974C9B56A9793F3D36 /* Pods_MoyaSugar_RxMoyaSugar_RxMoyaSugar_macOS.framework in Frameworks */,
			);
			runOnlyForDeploymentPostprocessing = 0;
		};
		03EA3C921DB778F30012EFDD /* Frameworks */ = {
			isa = PBXFrameworksBuildPhase;
			buildActionMask = 2147483647;
			files = (
				030EF2721DB77E2200DC0832 /* MoyaSugar.framework in Frameworks */,
				56D520206A55EFAE45FB7777 /* Pods_MoyaSugar_RxMoyaSugar_RxMoyaSugar_tvOS.framework in Frameworks */,
			);
			runOnlyForDeploymentPostprocessing = 0;
		};
		03EA3C9F1DB778FA0012EFDD /* Frameworks */ = {
			isa = PBXFrameworksBuildPhase;
			buildActionMask = 2147483647;
			files = (
				030EF2731DB77E2700DC0832 /* MoyaSugar.framework in Frameworks */,
				FA7AF93000B8629F8340A8C7 /* Pods_MoyaSugar_RxMoyaSugar_RxMoyaSugar_watchOS.framework in Frameworks */,
			);
			runOnlyForDeploymentPostprocessing = 0;
		};
/* End PBXFrameworksBuildPhase section */

/* Begin PBXGroup section */
		03B7249A1DB4C7290059D743 = {
			isa = PBXGroup;
			children = (
				03B724B51DB4C7B80059D743 /* Sources */,
				03B724DC1DB4CCBB0059D743 /* Tests */,
				03B724B21DB4C7A70059D743 /* Supporting Files */,
				03B724A51DB4C7290059D743 /* Products */,
				10B5C6EB1104795F4C28498F /* Pods */,
				644E10E4F7FA864641454711 /* Frameworks */,
			);
			sourceTree = "<group>";
		};
		03B724A51DB4C7290059D743 /* Products */ = {
			isa = PBXGroup;
			children = (
				03B724A41DB4C7290059D743 /* MoyaSugar.framework */,
				03B724D11DB4CC870059D743 /* MoyaSugar-iOS-Tests.xctest */,
				03B724E51DB4CFF50059D743 /* MoyaSugar.framework */,
				03B724F11DB4D0130059D743 /* MoyaSugar-macOS-Tests.xctest */,
				03B725011DB4D01C0059D743 /* MoyaSugar.framework */,
				03B7250F1DB4D05E0059D743 /* MoyaSugar.framework */,
				03B7251B1DB4D0660059D743 /* MoyaSugar-tvOS-Tests.xctest */,
				03EA3C7A1DB778C10012EFDD /* RxMoyaSugar.framework */,
				03EA3C891DB778EB0012EFDD /* RxMoyaSugar.framework */,
				03EA3C961DB778F30012EFDD /* RxMoyaSugar.framework */,
				03EA3CA31DB778FA0012EFDD /* RxMoyaSugar.framework */,
			);
			name = Products;
			sourceTree = "<group>";
		};
		03B724B21DB4C7A70059D743 /* Supporting Files */ = {
			isa = PBXGroup;
			children = (
				03B724BA1DB4C7D40059D743 /* Info-iOS.plist */,
				03B725261DB4D0A50059D743 /* Info-macOS.plist */,
				03B725271DB4D0A50059D743 /* Info-tvOS.plist */,
				03B725281DB4D0A50059D743 /* Info-watchOS.plist */,
			);
			path = "Supporting Files";
			sourceTree = "<group>";
		};
		03B724B51DB4C7B80059D743 /* Sources */ = {
			isa = PBXGroup;
			children = (
				03B724B71DB4C7B80059D743 /* MoyaSugar.h */,
				03B724BC1DB4C82B0059D743 /* Route.swift */,
				037728511DB4EBE60019BAA2 /* Parameters.swift */,
				0377284F1DB4EBCB0019BAA2 /* SugarTargetType.swift */,
				037728531DB4EC0F0019BAA2 /* MoyaSugarProvider.swift */,
				03EA3C721DB777290012EFDD /* RxSwift */,
			);
			path = Sources;
			sourceTree = "<group>";
		};
		03B724DC1DB4CCBB0059D743 /* Tests */ = {
			isa = PBXGroup;
			children = (
				03DC8CB31DB6174100A4FACE /* GitHubAPI.swift */,
				03B724DD1DB4CCBB0059D743 /* RouteTests.swift */,
				0377285E1DB4F1240019BAA2 /* ParametersTests.swift */,
				03DC8CA81DB5F57F00A4FACE /* SugarTargetTypeTests.swift */,
				03DC8CAD1DB6143800A4FACE /* MoyaSugarProviderTests.swift */,
			);
			path = Tests;
			sourceTree = "<group>";
		};
		03EA3C721DB777290012EFDD /* RxSwift */ = {
			isa = PBXGroup;
			children = (
				03EA3CAE1DB779480012EFDD /* RxMoyaSugar.h */,
				03EA3C731DB777290012EFDD /* RxMoyaSugarProvider.swift */,
			);
			path = RxSwift;
			sourceTree = "<group>";
		};
		10B5C6EB1104795F4C28498F /* Pods */ = {
			isa = PBXGroup;
			children = (
				A8E3D99DE64021783374583E /* Pods-MoyaSugar-MoyaSugar-iOS.debug.xcconfig */,
				457634B02631850D67F4EF13 /* Pods-MoyaSugar-MoyaSugar-iOS.release.xcconfig */,
				53905742A614069161C913C4 /* Pods-MoyaSugar-MoyaSugar-macOS.debug.xcconfig */,
				56F1496329C3F0D55BFB9CDD /* Pods-MoyaSugar-MoyaSugar-macOS.release.xcconfig */,
				C5BB4404AFB85CDDEB103EC5 /* Pods-MoyaSugar-MoyaSugar-tvOS.debug.xcconfig */,
				3AB516DD54C0FC1B894E26F8 /* Pods-MoyaSugar-MoyaSugar-tvOS.release.xcconfig */,
				1439F85AD89837C2AE323452 /* Pods-MoyaSugar-MoyaSugar-watchOS.debug.xcconfig */,
				91AD495F88A489204236A640 /* Pods-MoyaSugar-MoyaSugar-watchOS.release.xcconfig */,
				37A3940A8170B4E2FED6BF95 /* Pods-MoyaSugar-RxMoyaSugar-RxMoyaSugar-iOS.debug.xcconfig */,
				F9C8AADD875B34F5138D0760 /* Pods-MoyaSugar-RxMoyaSugar-RxMoyaSugar-iOS.release.xcconfig */,
				CB0D95FE6B25023D3B420576 /* Pods-MoyaSugar-RxMoyaSugar-RxMoyaSugar-macOS.debug.xcconfig */,
				8CC2F5EC9FAFCC0EB9564F42 /* Pods-MoyaSugar-RxMoyaSugar-RxMoyaSugar-macOS.release.xcconfig */,
				8CA592201418145F2A215329 /* Pods-MoyaSugar-RxMoyaSugar-RxMoyaSugar-tvOS.debug.xcconfig */,
				1E443976D30D33A633620D75 /* Pods-MoyaSugar-RxMoyaSugar-RxMoyaSugar-tvOS.release.xcconfig */,
				7393BA6A8C41591509D03711 /* Pods-MoyaSugar-RxMoyaSugar-RxMoyaSugar-watchOS.debug.xcconfig */,
				5BD07B3F88785ECCC17513D9 /* Pods-MoyaSugar-RxMoyaSugar-RxMoyaSugar-watchOS.release.xcconfig */,
				4B4FA23232A66BBEDD6EAD4D /* Pods-MoyaSugar-Tests-MoyaSugar-iOS-Tests.debug.xcconfig */,
				12D4C908A3EC81613E59805E /* Pods-MoyaSugar-Tests-MoyaSugar-iOS-Tests.release.xcconfig */,
				AD8463E4872EDBDCD2CAB6A6 /* Pods-MoyaSugar-Tests-MoyaSugar-macOS-Tests.debug.xcconfig */,
				04E85CDB5474A3691249CA33 /* Pods-MoyaSugar-Tests-MoyaSugar-macOS-Tests.release.xcconfig */,
				EFE14FB610AA50A1B97DE8FA /* Pods-MoyaSugar-Tests-MoyaSugar-tvOS-Tests.debug.xcconfig */,
				CAD2FFE1E9F13A2B371B2B66 /* Pods-MoyaSugar-Tests-MoyaSugar-tvOS-Tests.release.xcconfig */,
			);
			name = Pods;
			sourceTree = "<group>";
		};
		644E10E4F7FA864641454711 /* Frameworks */ = {
			isa = PBXGroup;
			children = (
				065849459BF17935C0299041 /* Pods_MoyaSugar_MoyaSugar_iOS.framework */,
				EDB4719E0D22D9F0C640ABBE /* Pods_MoyaSugar_MoyaSugar_macOS.framework */,
				F09178EEFE80766E253A736C /* Pods_MoyaSugar_MoyaSugar_tvOS.framework */,
				26306B9CA5C8A87661316143 /* Pods_MoyaSugar_MoyaSugar_watchOS.framework */,
				86B75A1199CB09C18D3FCF40 /* Pods_MoyaSugar_RxMoyaSugar_RxMoyaSugar_iOS.framework */,
				DDE939FA139EC318831A638A /* Pods_MoyaSugar_RxMoyaSugar_RxMoyaSugar_macOS.framework */,
				46047FD1E23CF3AF21E245F0 /* Pods_MoyaSugar_RxMoyaSugar_RxMoyaSugar_tvOS.framework */,
				13912CADAB0BB05EC087DA58 /* Pods_MoyaSugar_RxMoyaSugar_RxMoyaSugar_watchOS.framework */,
				5D5D02C2399009E4FE6681C6 /* Pods_MoyaSugar_Tests_MoyaSugar_iOS_Tests.framework */,
				300BBFCDA3457FE9B3DCB452 /* Pods_MoyaSugar_Tests_MoyaSugar_macOS_Tests.framework */,
				34B838867BF4742437A48FFD /* Pods_MoyaSugar_Tests_MoyaSugar_tvOS_Tests.framework */,
			);
			name = Frameworks;
			sourceTree = "<group>";
		};
/* End PBXGroup section */

/* Begin PBXHeadersBuildPhase section */
		03B724A11DB4C7290059D743 /* Headers */ = {
			isa = PBXHeadersBuildPhase;
			buildActionMask = 2147483647;
			files = (
				03B724B91DB4C7B80059D743 /* MoyaSugar.h in Headers */,
			);
			runOnlyForDeploymentPostprocessing = 0;
		};
		03B724E21DB4CFF50059D743 /* Headers */ = {
			isa = PBXHeadersBuildPhase;
			buildActionMask = 2147483647;
			files = (
				03B7252F1DB4D1120059D743 /* MoyaSugar.h in Headers */,
			);
			runOnlyForDeploymentPostprocessing = 0;
		};
		03B724FE1DB4D01C0059D743 /* Headers */ = {
			isa = PBXHeadersBuildPhase;
			buildActionMask = 2147483647;
			files = (
				03B7252C1DB4D0B10059D743 /* MoyaSugar.h in Headers */,
			);
			runOnlyForDeploymentPostprocessing = 0;
		};
		03B7250C1DB4D05E0059D743 /* Headers */ = {
			isa = PBXHeadersBuildPhase;
			buildActionMask = 2147483647;
			files = (
				03B725331DB4D1200059D743 /* MoyaSugar.h in Headers */,
			);
			runOnlyForDeploymentPostprocessing = 0;
		};
		03EA3C771DB778C10012EFDD /* Headers */ = {
			isa = PBXHeadersBuildPhase;
			buildActionMask = 2147483647;
			files = (
				03EA3CB01DB7795C0012EFDD /* RxMoyaSugar.h in Headers */,
			);
			runOnlyForDeploymentPostprocessing = 0;
		};
		03EA3C861DB778EB0012EFDD /* Headers */ = {
			isa = PBXHeadersBuildPhase;
			buildActionMask = 2147483647;
			files = (
				03EA3CB11DB7795F0012EFDD /* RxMoyaSugar.h in Headers */,
			);
			runOnlyForDeploymentPostprocessing = 0;
		};
		03EA3C931DB778F30012EFDD /* Headers */ = {
			isa = PBXHeadersBuildPhase;
			buildActionMask = 2147483647;
			files = (
				03EA3CB21DB779620012EFDD /* RxMoyaSugar.h in Headers */,
			);
			runOnlyForDeploymentPostprocessing = 0;
		};
		03EA3CA01DB778FA0012EFDD /* Headers */ = {
			isa = PBXHeadersBuildPhase;
			buildActionMask = 2147483647;
			files = (
				03EA3CB31DB779640012EFDD /* RxMoyaSugar.h in Headers */,
			);
			runOnlyForDeploymentPostprocessing = 0;
		};
/* End PBXHeadersBuildPhase section */

/* Begin PBXNativeTarget section */
		03B724A31DB4C7290059D743 /* MoyaSugar-iOS */ = {
			isa = PBXNativeTarget;
			buildConfigurationList = 03B724AC1DB4C7290059D743 /* Build configuration list for PBXNativeTarget "MoyaSugar-iOS" */;
			buildPhases = (
				5B7B3F9E9E9DBC4751641F0C /* [CP] Check Pods Manifest.lock */,
				03B7249F1DB4C7290059D743 /* Sources */,
				03B724A01DB4C7290059D743 /* Frameworks */,
				03B724A11DB4C7290059D743 /* Headers */,
				03B724A21DB4C7290059D743 /* Resources */,
				3A400D173EF337A992812C87 /* [CP] Copy Pods Resources */,
			);
			buildRules = (
			);
			dependencies = (
			);
			name = "MoyaSugar-iOS";
			productName = MoyaSugar;
			productReference = 03B724A41DB4C7290059D743 /* MoyaSugar.framework */;
			productType = "com.apple.product-type.framework";
		};
		03B724D01DB4CC870059D743 /* MoyaSugar-iOS-Tests */ = {
			isa = PBXNativeTarget;
			buildConfigurationList = 03B724D91DB4CC870059D743 /* Build configuration list for PBXNativeTarget "MoyaSugar-iOS-Tests" */;
			buildPhases = (
				5D8BF1E1AA98A699C4866563 /* [CP] Check Pods Manifest.lock */,
				03B724CD1DB4CC870059D743 /* Sources */,
				03B724CE1DB4CC870059D743 /* Frameworks */,
				03B724CF1DB4CC870059D743 /* Resources */,
				72AD98EA6950228FAA8B5C4A /* [CP] Embed Pods Frameworks */,
				3BFB4155DF30E61B8289B753 /* [CP] Copy Pods Resources */,
			);
			buildRules = (
			);
			dependencies = (
				03B724D81DB4CC870059D743 /* PBXTargetDependency */,
			);
			name = "MoyaSugar-iOS-Tests";
			productName = "MoyaSugar-iOS-Tests";
			productReference = 03B724D11DB4CC870059D743 /* MoyaSugar-iOS-Tests.xctest */;
			productType = "com.apple.product-type.bundle.unit-test";
		};
		03B724E41DB4CFF50059D743 /* MoyaSugar-macOS */ = {
			isa = PBXNativeTarget;
			buildConfigurationList = 03B724EA1DB4CFF50059D743 /* Build configuration list for PBXNativeTarget "MoyaSugar-macOS" */;
			buildPhases = (
				8077155DC21741F5AC65F9F3 /* [CP] Check Pods Manifest.lock */,
				03B724E01DB4CFF50059D743 /* Sources */,
				03B724E11DB4CFF50059D743 /* Frameworks */,
				03B724E21DB4CFF50059D743 /* Headers */,
				03B724E31DB4CFF50059D743 /* Resources */,
				F8E10107A09B9834E5FE4F8B /* [CP] Copy Pods Resources */,
			);
			buildRules = (
			);
			dependencies = (
			);
			name = "MoyaSugar-macOS";
			productName = "MoyaSugar-macOS";
			productReference = 03B724E51DB4CFF50059D743 /* MoyaSugar.framework */;
			productType = "com.apple.product-type.framework";
		};
		03B724F01DB4D0130059D743 /* MoyaSugar-macOS-Tests */ = {
			isa = PBXNativeTarget;
			buildConfigurationList = 03B724F91DB4D0130059D743 /* Build configuration list for PBXNativeTarget "MoyaSugar-macOS-Tests" */;
			buildPhases = (
				BFF1B54C34FFCCE785CEE66D /* [CP] Check Pods Manifest.lock */,
				03B724ED1DB4D0130059D743 /* Sources */,
				03B724EE1DB4D0130059D743 /* Frameworks */,
				03B724EF1DB4D0130059D743 /* Resources */,
				001A2C1345F6A26BE8C26522 /* [CP] Embed Pods Frameworks */,
				D417DBA70DC2F0CFFB86BF8D /* [CP] Copy Pods Resources */,
			);
			buildRules = (
			);
			dependencies = (
				03B724F81DB4D0130059D743 /* PBXTargetDependency */,
			);
			name = "MoyaSugar-macOS-Tests";
			productName = "MoyaSugar-macOS-Tests";
			productReference = 03B724F11DB4D0130059D743 /* MoyaSugar-macOS-Tests.xctest */;
			productType = "com.apple.product-type.bundle.unit-test";
		};
		03B725001DB4D01C0059D743 /* MoyaSugar-watchOS */ = {
			isa = PBXNativeTarget;
			buildConfigurationList = 03B725061DB4D01C0059D743 /* Build configuration list for PBXNativeTarget "MoyaSugar-watchOS" */;
			buildPhases = (
				39CB51726D5D108EC7285844 /* [CP] Check Pods Manifest.lock */,
				03B724FC1DB4D01C0059D743 /* Sources */,
				03B724FD1DB4D01C0059D743 /* Frameworks */,
				03B724FE1DB4D01C0059D743 /* Headers */,
				03B724FF1DB4D01C0059D743 /* Resources */,
				5A93EE9DDA6B550A12BDA594 /* [CP] Copy Pods Resources */,
			);
			buildRules = (
			);
			dependencies = (
			);
			name = "MoyaSugar-watchOS";
			productName = "MoyaSugar-watchOS";
			productReference = 03B725011DB4D01C0059D743 /* MoyaSugar.framework */;
			productType = "com.apple.product-type.framework";
		};
		03B7250E1DB4D05E0059D743 /* MoyaSugar-tvOS */ = {
			isa = PBXNativeTarget;
			buildConfigurationList = 03B725141DB4D05E0059D743 /* Build configuration list for PBXNativeTarget "MoyaSugar-tvOS" */;
			buildPhases = (
				9AD35C9B93C354B35D2D0E66 /* [CP] Check Pods Manifest.lock */,
				03B7250A1DB4D05E0059D743 /* Sources */,
				03B7250B1DB4D05E0059D743 /* Frameworks */,
				03B7250C1DB4D05E0059D743 /* Headers */,
				03B7250D1DB4D05E0059D743 /* Resources */,
				135B3307F5565611D00EC96C /* [CP] Copy Pods Resources */,
			);
			buildRules = (
			);
			dependencies = (
			);
			name = "MoyaSugar-tvOS";
			productName = "MoyaSugar-tvOS";
			productReference = 03B7250F1DB4D05E0059D743 /* MoyaSugar.framework */;
			productType = "com.apple.product-type.framework";
		};
		03B7251A1DB4D0660059D743 /* MoyaSugar-tvOS-Tests */ = {
			isa = PBXNativeTarget;
			buildConfigurationList = 03B725231DB4D0660059D743 /* Build configuration list for PBXNativeTarget "MoyaSugar-tvOS-Tests" */;
			buildPhases = (
				B04DE340E36AC87357FBAF74 /* [CP] Check Pods Manifest.lock */,
				03B725171DB4D0660059D743 /* Sources */,
				03B725181DB4D0660059D743 /* Frameworks */,
				03B725191DB4D0660059D743 /* Resources */,
				CB36AECA2CFE0AA1C7294C24 /* [CP] Embed Pods Frameworks */,
				60AE22831D3BBEE042280BF2 /* [CP] Copy Pods Resources */,
			);
			buildRules = (
			);
			dependencies = (
				03B725221DB4D0660059D743 /* PBXTargetDependency */,
			);
			name = "MoyaSugar-tvOS-Tests";
			productName = "MoyaSugar-tvOS-Tests";
			productReference = 03B7251B1DB4D0660059D743 /* MoyaSugar-tvOS-Tests.xctest */;
			productType = "com.apple.product-type.bundle.unit-test";
		};
		03EA3C791DB778C10012EFDD /* RxMoyaSugar-iOS */ = {
			isa = PBXNativeTarget;
			buildConfigurationList = 03EA3C7F1DB778C10012EFDD /* Build configuration list for PBXNativeTarget "RxMoyaSugar-iOS" */;
			buildPhases = (
				FE55A7504B7AFE06B8735891 /* [CP] Check Pods Manifest.lock */,
				03EA3C751DB778C10012EFDD /* Sources */,
				03EA3C761DB778C10012EFDD /* Frameworks */,
				03EA3C771DB778C10012EFDD /* Headers */,
				03EA3C781DB778C10012EFDD /* Resources */,
				44E57FC2B96FF88D195A8403 /* [CP] Copy Pods Resources */,
			);
			buildRules = (
			);
			dependencies = (
			);
			name = "RxMoyaSugar-iOS";
			productName = "RxMoyaSugar-iOS";
			productReference = 03EA3C7A1DB778C10012EFDD /* RxMoyaSugar.framework */;
			productType = "com.apple.product-type.framework";
		};
		03EA3C881DB778EB0012EFDD /* RxMoyaSugar-macOS */ = {
			isa = PBXNativeTarget;
			buildConfigurationList = 03EA3C8E1DB778EB0012EFDD /* Build configuration list for PBXNativeTarget "RxMoyaSugar-macOS" */;
			buildPhases = (
				DEC0FBD81D5C781F29E316A1 /* [CP] Check Pods Manifest.lock */,
				03EA3C841DB778EB0012EFDD /* Sources */,
				03EA3C851DB778EB0012EFDD /* Frameworks */,
				03EA3C861DB778EB0012EFDD /* Headers */,
				03EA3C871DB778EB0012EFDD /* Resources */,
				31C558202809D52331C95BC0 /* [CP] Copy Pods Resources */,
			);
			buildRules = (
			);
			dependencies = (
			);
			name = "RxMoyaSugar-macOS";
			productName = "RxMoyaSugar-macOS";
			productReference = 03EA3C891DB778EB0012EFDD /* RxMoyaSugar.framework */;
			productType = "com.apple.product-type.framework";
		};
		03EA3C951DB778F30012EFDD /* RxMoyaSugar-tvOS */ = {
			isa = PBXNativeTarget;
			buildConfigurationList = 03EA3C9B1DB778F40012EFDD /* Build configuration list for PBXNativeTarget "RxMoyaSugar-tvOS" */;
			buildPhases = (
				5AE084A565BEFC54EA1D56AA /* [CP] Check Pods Manifest.lock */,
				03EA3C911DB778F30012EFDD /* Sources */,
				03EA3C921DB778F30012EFDD /* Frameworks */,
				03EA3C931DB778F30012EFDD /* Headers */,
				03EA3C941DB778F30012EFDD /* Resources */,
				219D3B4A7E25661C188A8890 /* [CP] Copy Pods Resources */,
			);
			buildRules = (
			);
			dependencies = (
			);
			name = "RxMoyaSugar-tvOS";
			productName = "RxMoyaSugar-tvOS";
			productReference = 03EA3C961DB778F30012EFDD /* RxMoyaSugar.framework */;
			productType = "com.apple.product-type.framework";
		};
		03EA3CA21DB778FA0012EFDD /* RxMoyaSugar-watchOS */ = {
			isa = PBXNativeTarget;
			buildConfigurationList = 03EA3CA81DB778FA0012EFDD /* Build configuration list for PBXNativeTarget "RxMoyaSugar-watchOS" */;
			buildPhases = (
				FD720EA11A5C108E7C2DD7F0 /* [CP] Check Pods Manifest.lock */,
				03EA3C9E1DB778FA0012EFDD /* Sources */,
				03EA3C9F1DB778FA0012EFDD /* Frameworks */,
				03EA3CA01DB778FA0012EFDD /* Headers */,
				03EA3CA11DB778FA0012EFDD /* Resources */,
				58DB24D4A3AE5C9F52F0647D /* [CP] Copy Pods Resources */,
			);
			buildRules = (
			);
			dependencies = (
			);
			name = "RxMoyaSugar-watchOS";
			productName = "RxMoyaSugar-watchOS";
			productReference = 03EA3CA31DB778FA0012EFDD /* RxMoyaSugar.framework */;
			productType = "com.apple.product-type.framework";
		};
/* End PBXNativeTarget section */

/* Begin PBXProject section */
		03B7249B1DB4C7290059D743 /* Project object */ = {
			isa = PBXProject;
			attributes = {
				LastSwiftUpdateCheck = 0800;
				LastUpgradeCheck = 0800;
				ORGANIZATIONNAME = "Suyeol Jeon";
				TargetAttributes = {
					03B724A31DB4C7290059D743 = {
						CreatedOnToolsVersion = 8.0;
						LastSwiftMigration = 0800;
						ProvisioningStyle = Automatic;
					};
					03B724D01DB4CC870059D743 = {
						CreatedOnToolsVersion = 8.0;
						ProvisioningStyle = Automatic;
					};
					03B724E41DB4CFF50059D743 = {
						CreatedOnToolsVersion = 8.0;
						ProvisioningStyle = Automatic;
					};
					03B724F01DB4D0130059D743 = {
						CreatedOnToolsVersion = 8.0;
						ProvisioningStyle = Automatic;
					};
					03B725001DB4D01C0059D743 = {
						CreatedOnToolsVersion = 8.0;
						ProvisioningStyle = Automatic;
					};
					03B7250E1DB4D05E0059D743 = {
						CreatedOnToolsVersion = 8.0;
						ProvisioningStyle = Automatic;
					};
					03B7251A1DB4D0660059D743 = {
						CreatedOnToolsVersion = 8.0;
						ProvisioningStyle = Automatic;
					};
					03EA3C791DB778C10012EFDD = {
						CreatedOnToolsVersion = 8.0;
						ProvisioningStyle = Automatic;
					};
					03EA3C881DB778EB0012EFDD = {
						CreatedOnToolsVersion = 8.0;
						ProvisioningStyle = Automatic;
					};
					03EA3C951DB778F30012EFDD = {
						CreatedOnToolsVersion = 8.0;
						ProvisioningStyle = Automatic;
					};
					03EA3CA21DB778FA0012EFDD = {
						CreatedOnToolsVersion = 8.0;
						ProvisioningStyle = Automatic;
					};
				};
			};
			buildConfigurationList = 03B7249E1DB4C7290059D743 /* Build configuration list for PBXProject "MoyaSugar" */;
			compatibilityVersion = "Xcode 3.2";
			developmentRegion = English;
			hasScannedForEncodings = 0;
			knownRegions = (
				en,
			);
			mainGroup = 03B7249A1DB4C7290059D743;
			productRefGroup = 03B724A51DB4C7290059D743 /* Products */;
			projectDirPath = "";
			projectRoot = "";
			targets = (
				03B724A31DB4C7290059D743 /* MoyaSugar-iOS */,
				03B724D01DB4CC870059D743 /* MoyaSugar-iOS-Tests */,
				03B724E41DB4CFF50059D743 /* MoyaSugar-macOS */,
				03B724F01DB4D0130059D743 /* MoyaSugar-macOS-Tests */,
				03B7250E1DB4D05E0059D743 /* MoyaSugar-tvOS */,
				03B7251A1DB4D0660059D743 /* MoyaSugar-tvOS-Tests */,
				03B725001DB4D01C0059D743 /* MoyaSugar-watchOS */,
				03EA3C791DB778C10012EFDD /* RxMoyaSugar-iOS */,
				03EA3C881DB778EB0012EFDD /* RxMoyaSugar-macOS */,
				03EA3C951DB778F30012EFDD /* RxMoyaSugar-tvOS */,
				03EA3CA21DB778FA0012EFDD /* RxMoyaSugar-watchOS */,
			);
		};
/* End PBXProject section */

/* Begin PBXResourcesBuildPhase section */
		03B724A21DB4C7290059D743 /* Resources */ = {
			isa = PBXResourcesBuildPhase;
			buildActionMask = 2147483647;
			files = (
			);
			runOnlyForDeploymentPostprocessing = 0;
		};
		03B724CF1DB4CC870059D743 /* Resources */ = {
			isa = PBXResourcesBuildPhase;
			buildActionMask = 2147483647;
			files = (
			);
			runOnlyForDeploymentPostprocessing = 0;
		};
		03B724E31DB4CFF50059D743 /* Resources */ = {
			isa = PBXResourcesBuildPhase;
			buildActionMask = 2147483647;
			files = (
			);
			runOnlyForDeploymentPostprocessing = 0;
		};
		03B724EF1DB4D0130059D743 /* Resources */ = {
			isa = PBXResourcesBuildPhase;
			buildActionMask = 2147483647;
			files = (
			);
			runOnlyForDeploymentPostprocessing = 0;
		};
		03B724FF1DB4D01C0059D743 /* Resources */ = {
			isa = PBXResourcesBuildPhase;
			buildActionMask = 2147483647;
			files = (
			);
			runOnlyForDeploymentPostprocessing = 0;
		};
		03B7250D1DB4D05E0059D743 /* Resources */ = {
			isa = PBXResourcesBuildPhase;
			buildActionMask = 2147483647;
			files = (
			);
			runOnlyForDeploymentPostprocessing = 0;
		};
		03B725191DB4D0660059D743 /* Resources */ = {
			isa = PBXResourcesBuildPhase;
			buildActionMask = 2147483647;
			files = (
			);
			runOnlyForDeploymentPostprocessing = 0;
		};
		03EA3C781DB778C10012EFDD /* Resources */ = {
			isa = PBXResourcesBuildPhase;
			buildActionMask = 2147483647;
			files = (
			);
			runOnlyForDeploymentPostprocessing = 0;
		};
		03EA3C871DB778EB0012EFDD /* Resources */ = {
			isa = PBXResourcesBuildPhase;
			buildActionMask = 2147483647;
			files = (
			);
			runOnlyForDeploymentPostprocessing = 0;
		};
		03EA3C941DB778F30012EFDD /* Resources */ = {
			isa = PBXResourcesBuildPhase;
			buildActionMask = 2147483647;
			files = (
			);
			runOnlyForDeploymentPostprocessing = 0;
		};
		03EA3CA11DB778FA0012EFDD /* Resources */ = {
			isa = PBXResourcesBuildPhase;
			buildActionMask = 2147483647;
			files = (
			);
			runOnlyForDeploymentPostprocessing = 0;
		};
/* End PBXResourcesBuildPhase section */

/* Begin PBXShellScriptBuildPhase section */
		001A2C1345F6A26BE8C26522 /* [CP] Embed Pods Frameworks */ = {
			isa = PBXShellScriptBuildPhase;
			buildActionMask = 2147483647;
			files = (
			);
			inputPaths = (
			);
			name = "[CP] Embed Pods Frameworks";
			outputPaths = (
			);
			runOnlyForDeploymentPostprocessing = 0;
			shellPath = /bin/sh;
			shellScript = "\"${SRCROOT}/Pods/Target Support Files/Pods-MoyaSugar-Tests-MoyaSugar-macOS-Tests/Pods-MoyaSugar-Tests-MoyaSugar-macOS-Tests-frameworks.sh\"\n";
			showEnvVarsInLog = 0;
		};
		135B3307F5565611D00EC96C /* [CP] Copy Pods Resources */ = {
			isa = PBXShellScriptBuildPhase;
			buildActionMask = 2147483647;
			files = (
			);
			inputPaths = (
			);
			name = "[CP] Copy Pods Resources";
			outputPaths = (
			);
			runOnlyForDeploymentPostprocessing = 0;
			shellPath = /bin/sh;
			shellScript = "\"${SRCROOT}/Pods/Target Support Files/Pods-MoyaSugar-MoyaSugar-tvOS/Pods-MoyaSugar-MoyaSugar-tvOS-resources.sh\"\n";
			showEnvVarsInLog = 0;
		};
		219D3B4A7E25661C188A8890 /* [CP] Copy Pods Resources */ = {
			isa = PBXShellScriptBuildPhase;
			buildActionMask = 2147483647;
			files = (
			);
			inputPaths = (
			);
			name = "[CP] Copy Pods Resources";
			outputPaths = (
			);
			runOnlyForDeploymentPostprocessing = 0;
			shellPath = /bin/sh;
			shellScript = "\"${SRCROOT}/Pods/Target Support Files/Pods-MoyaSugar-RxMoyaSugar-RxMoyaSugar-tvOS/Pods-MoyaSugar-RxMoyaSugar-RxMoyaSugar-tvOS-resources.sh\"\n";
			showEnvVarsInLog = 0;
		};
		31C558202809D52331C95BC0 /* [CP] Copy Pods Resources */ = {
			isa = PBXShellScriptBuildPhase;
			buildActionMask = 2147483647;
			files = (
			);
			inputPaths = (
			);
			name = "[CP] Copy Pods Resources";
			outputPaths = (
			);
			runOnlyForDeploymentPostprocessing = 0;
			shellPath = /bin/sh;
			shellScript = "\"${SRCROOT}/Pods/Target Support Files/Pods-MoyaSugar-RxMoyaSugar-RxMoyaSugar-macOS/Pods-MoyaSugar-RxMoyaSugar-RxMoyaSugar-macOS-resources.sh\"\n";
			showEnvVarsInLog = 0;
		};
		39CB51726D5D108EC7285844 /* [CP] Check Pods Manifest.lock */ = {
			isa = PBXShellScriptBuildPhase;
			buildActionMask = 2147483647;
			files = (
			);
			inputPaths = (
			);
			name = "[CP] Check Pods Manifest.lock";
			outputPaths = (
			);
			runOnlyForDeploymentPostprocessing = 0;
			shellPath = /bin/sh;
			shellScript = "diff \"${PODS_ROOT}/../Podfile.lock\" \"${PODS_ROOT}/Manifest.lock\" > /dev/null\nif [ $? != 0 ] ; then\n    # print error to STDERR\n    echo \"error: The sandbox is not in sync with the Podfile.lock. Run 'pod install' or update your CocoaPods installation.\" >&2\n    exit 1\nfi\n";
			showEnvVarsInLog = 0;
		};
		3A400D173EF337A992812C87 /* [CP] Copy Pods Resources */ = {
			isa = PBXShellScriptBuildPhase;
			buildActionMask = 2147483647;
			files = (
			);
			inputPaths = (
			);
			name = "[CP] Copy Pods Resources";
			outputPaths = (
			);
			runOnlyForDeploymentPostprocessing = 0;
			shellPath = /bin/sh;
			shellScript = "\"${SRCROOT}/Pods/Target Support Files/Pods-MoyaSugar-MoyaSugar-iOS/Pods-MoyaSugar-MoyaSugar-iOS-resources.sh\"\n";
			showEnvVarsInLog = 0;
		};
		3BFB4155DF30E61B8289B753 /* [CP] Copy Pods Resources */ = {
			isa = PBXShellScriptBuildPhase;
			buildActionMask = 2147483647;
			files = (
			);
			inputPaths = (
			);
			name = "[CP] Copy Pods Resources";
			outputPaths = (
			);
			runOnlyForDeploymentPostprocessing = 0;
			shellPath = /bin/sh;
			shellScript = "\"${SRCROOT}/Pods/Target Support Files/Pods-MoyaSugar-Tests-MoyaSugar-iOS-Tests/Pods-MoyaSugar-Tests-MoyaSugar-iOS-Tests-resources.sh\"\n";
			showEnvVarsInLog = 0;
		};
		44E57FC2B96FF88D195A8403 /* [CP] Copy Pods Resources */ = {
			isa = PBXShellScriptBuildPhase;
			buildActionMask = 2147483647;
			files = (
			);
			inputPaths = (
			);
			name = "[CP] Copy Pods Resources";
			outputPaths = (
			);
			runOnlyForDeploymentPostprocessing = 0;
			shellPath = /bin/sh;
			shellScript = "\"${SRCROOT}/Pods/Target Support Files/Pods-MoyaSugar-RxMoyaSugar-RxMoyaSugar-iOS/Pods-MoyaSugar-RxMoyaSugar-RxMoyaSugar-iOS-resources.sh\"\n";
			showEnvVarsInLog = 0;
		};
		58DB24D4A3AE5C9F52F0647D /* [CP] Copy Pods Resources */ = {
			isa = PBXShellScriptBuildPhase;
			buildActionMask = 2147483647;
			files = (
			);
			inputPaths = (
			);
			name = "[CP] Copy Pods Resources";
			outputPaths = (
			);
			runOnlyForDeploymentPostprocessing = 0;
			shellPath = /bin/sh;
			shellScript = "\"${SRCROOT}/Pods/Target Support Files/Pods-MoyaSugar-RxMoyaSugar-RxMoyaSugar-watchOS/Pods-MoyaSugar-RxMoyaSugar-RxMoyaSugar-watchOS-resources.sh\"\n";
			showEnvVarsInLog = 0;
		};
		5A93EE9DDA6B550A12BDA594 /* [CP] Copy Pods Resources */ = {
			isa = PBXShellScriptBuildPhase;
			buildActionMask = 2147483647;
			files = (
			);
			inputPaths = (
			);
			name = "[CP] Copy Pods Resources";
			outputPaths = (
			);
			runOnlyForDeploymentPostprocessing = 0;
			shellPath = /bin/sh;
			shellScript = "\"${SRCROOT}/Pods/Target Support Files/Pods-MoyaSugar-MoyaSugar-watchOS/Pods-MoyaSugar-MoyaSugar-watchOS-resources.sh\"\n";
			showEnvVarsInLog = 0;
		};
		5AE084A565BEFC54EA1D56AA /* [CP] Check Pods Manifest.lock */ = {
			isa = PBXShellScriptBuildPhase;
			buildActionMask = 2147483647;
			files = (
			);
			inputPaths = (
			);
			name = "[CP] Check Pods Manifest.lock";
			outputPaths = (
			);
			runOnlyForDeploymentPostprocessing = 0;
			shellPath = /bin/sh;
			shellScript = "diff \"${PODS_ROOT}/../Podfile.lock\" \"${PODS_ROOT}/Manifest.lock\" > /dev/null\nif [ $? != 0 ] ; then\n    # print error to STDERR\n    echo \"error: The sandbox is not in sync with the Podfile.lock. Run 'pod install' or update your CocoaPods installation.\" >&2\n    exit 1\nfi\n";
			showEnvVarsInLog = 0;
		};
		5B7B3F9E9E9DBC4751641F0C /* [CP] Check Pods Manifest.lock */ = {
			isa = PBXShellScriptBuildPhase;
			buildActionMask = 2147483647;
			files = (
			);
			inputPaths = (
			);
			name = "[CP] Check Pods Manifest.lock";
			outputPaths = (
			);
			runOnlyForDeploymentPostprocessing = 0;
			shellPath = /bin/sh;
			shellScript = "diff \"${PODS_ROOT}/../Podfile.lock\" \"${PODS_ROOT}/Manifest.lock\" > /dev/null\nif [ $? != 0 ] ; then\n    # print error to STDERR\n    echo \"error: The sandbox is not in sync with the Podfile.lock. Run 'pod install' or update your CocoaPods installation.\" >&2\n    exit 1\nfi\n";
			showEnvVarsInLog = 0;
		};
		5D8BF1E1AA98A699C4866563 /* [CP] Check Pods Manifest.lock */ = {
			isa = PBXShellScriptBuildPhase;
			buildActionMask = 2147483647;
			files = (
			);
			inputPaths = (
			);
			name = "[CP] Check Pods Manifest.lock";
			outputPaths = (
			);
			runOnlyForDeploymentPostprocessing = 0;
			shellPath = /bin/sh;
			shellScript = "diff \"${PODS_ROOT}/../Podfile.lock\" \"${PODS_ROOT}/Manifest.lock\" > /dev/null\nif [ $? != 0 ] ; then\n    # print error to STDERR\n    echo \"error: The sandbox is not in sync with the Podfile.lock. Run 'pod install' or update your CocoaPods installation.\" >&2\n    exit 1\nfi\n";
			showEnvVarsInLog = 0;
		};
		60AE22831D3BBEE042280BF2 /* [CP] Copy Pods Resources */ = {
			isa = PBXShellScriptBuildPhase;
			buildActionMask = 2147483647;
			files = (
			);
			inputPaths = (
			);
			name = "[CP] Copy Pods Resources";
			outputPaths = (
			);
			runOnlyForDeploymentPostprocessing = 0;
			shellPath = /bin/sh;
			shellScript = "\"${SRCROOT}/Pods/Target Support Files/Pods-MoyaSugar-Tests-MoyaSugar-tvOS-Tests/Pods-MoyaSugar-Tests-MoyaSugar-tvOS-Tests-resources.sh\"\n";
			showEnvVarsInLog = 0;
		};
		72AD98EA6950228FAA8B5C4A /* [CP] Embed Pods Frameworks */ = {
			isa = PBXShellScriptBuildPhase;
			buildActionMask = 2147483647;
			files = (
			);
			inputPaths = (
			);
			name = "[CP] Embed Pods Frameworks";
			outputPaths = (
			);
			runOnlyForDeploymentPostprocessing = 0;
			shellPath = /bin/sh;
			shellScript = "\"${SRCROOT}/Pods/Target Support Files/Pods-MoyaSugar-Tests-MoyaSugar-iOS-Tests/Pods-MoyaSugar-Tests-MoyaSugar-iOS-Tests-frameworks.sh\"\n";
			showEnvVarsInLog = 0;
		};
		8077155DC21741F5AC65F9F3 /* [CP] Check Pods Manifest.lock */ = {
			isa = PBXShellScriptBuildPhase;
			buildActionMask = 2147483647;
			files = (
			);
			inputPaths = (
			);
			name = "[CP] Check Pods Manifest.lock";
			outputPaths = (
			);
			runOnlyForDeploymentPostprocessing = 0;
			shellPath = /bin/sh;
			shellScript = "diff \"${PODS_ROOT}/../Podfile.lock\" \"${PODS_ROOT}/Manifest.lock\" > /dev/null\nif [ $? != 0 ] ; then\n    # print error to STDERR\n    echo \"error: The sandbox is not in sync with the Podfile.lock. Run 'pod install' or update your CocoaPods installation.\" >&2\n    exit 1\nfi\n";
			showEnvVarsInLog = 0;
		};
		9AD35C9B93C354B35D2D0E66 /* [CP] Check Pods Manifest.lock */ = {
			isa = PBXShellScriptBuildPhase;
			buildActionMask = 2147483647;
			files = (
			);
			inputPaths = (
			);
			name = "[CP] Check Pods Manifest.lock";
			outputPaths = (
			);
			runOnlyForDeploymentPostprocessing = 0;
			shellPath = /bin/sh;
			shellScript = "diff \"${PODS_ROOT}/../Podfile.lock\" \"${PODS_ROOT}/Manifest.lock\" > /dev/null\nif [ $? != 0 ] ; then\n    # print error to STDERR\n    echo \"error: The sandbox is not in sync with the Podfile.lock. Run 'pod install' or update your CocoaPods installation.\" >&2\n    exit 1\nfi\n";
			showEnvVarsInLog = 0;
		};
		B04DE340E36AC87357FBAF74 /* [CP] Check Pods Manifest.lock */ = {
			isa = PBXShellScriptBuildPhase;
			buildActionMask = 2147483647;
			files = (
			);
			inputPaths = (
			);
			name = "[CP] Check Pods Manifest.lock";
			outputPaths = (
			);
			runOnlyForDeploymentPostprocessing = 0;
			shellPath = /bin/sh;
			shellScript = "diff \"${PODS_ROOT}/../Podfile.lock\" \"${PODS_ROOT}/Manifest.lock\" > /dev/null\nif [ $? != 0 ] ; then\n    # print error to STDERR\n    echo \"error: The sandbox is not in sync with the Podfile.lock. Run 'pod install' or update your CocoaPods installation.\" >&2\n    exit 1\nfi\n";
			showEnvVarsInLog = 0;
		};
		BFF1B54C34FFCCE785CEE66D /* [CP] Check Pods Manifest.lock */ = {
			isa = PBXShellScriptBuildPhase;
			buildActionMask = 2147483647;
			files = (
			);
			inputPaths = (
			);
			name = "[CP] Check Pods Manifest.lock";
			outputPaths = (
			);
			runOnlyForDeploymentPostprocessing = 0;
			shellPath = /bin/sh;
			shellScript = "diff \"${PODS_ROOT}/../Podfile.lock\" \"${PODS_ROOT}/Manifest.lock\" > /dev/null\nif [ $? != 0 ] ; then\n    # print error to STDERR\n    echo \"error: The sandbox is not in sync with the Podfile.lock. Run 'pod install' or update your CocoaPods installation.\" >&2\n    exit 1\nfi\n";
			showEnvVarsInLog = 0;
		};
		CB36AECA2CFE0AA1C7294C24 /* [CP] Embed Pods Frameworks */ = {
			isa = PBXShellScriptBuildPhase;
			buildActionMask = 2147483647;
			files = (
			);
			inputPaths = (
			);
			name = "[CP] Embed Pods Frameworks";
			outputPaths = (
			);
			runOnlyForDeploymentPostprocessing = 0;
			shellPath = /bin/sh;
			shellScript = "\"${SRCROOT}/Pods/Target Support Files/Pods-MoyaSugar-Tests-MoyaSugar-tvOS-Tests/Pods-MoyaSugar-Tests-MoyaSugar-tvOS-Tests-frameworks.sh\"\n";
			showEnvVarsInLog = 0;
		};
		D417DBA70DC2F0CFFB86BF8D /* [CP] Copy Pods Resources */ = {
			isa = PBXShellScriptBuildPhase;
			buildActionMask = 2147483647;
			files = (
			);
			inputPaths = (
			);
			name = "[CP] Copy Pods Resources";
			outputPaths = (
			);
			runOnlyForDeploymentPostprocessing = 0;
			shellPath = /bin/sh;
			shellScript = "\"${SRCROOT}/Pods/Target Support Files/Pods-MoyaSugar-Tests-MoyaSugar-macOS-Tests/Pods-MoyaSugar-Tests-MoyaSugar-macOS-Tests-resources.sh\"\n";
			showEnvVarsInLog = 0;
		};
		DEC0FBD81D5C781F29E316A1 /* [CP] Check Pods Manifest.lock */ = {
			isa = PBXShellScriptBuildPhase;
			buildActionMask = 2147483647;
			files = (
			);
			inputPaths = (
			);
			name = "[CP] Check Pods Manifest.lock";
			outputPaths = (
			);
			runOnlyForDeploymentPostprocessing = 0;
			shellPath = /bin/sh;
			shellScript = "diff \"${PODS_ROOT}/../Podfile.lock\" \"${PODS_ROOT}/Manifest.lock\" > /dev/null\nif [ $? != 0 ] ; then\n    # print error to STDERR\n    echo \"error: The sandbox is not in sync with the Podfile.lock. Run 'pod install' or update your CocoaPods installation.\" >&2\n    exit 1\nfi\n";
			showEnvVarsInLog = 0;
		};
		F8E10107A09B9834E5FE4F8B /* [CP] Copy Pods Resources */ = {
			isa = PBXShellScriptBuildPhase;
			buildActionMask = 2147483647;
			files = (
			);
			inputPaths = (
			);
			name = "[CP] Copy Pods Resources";
			outputPaths = (
			);
			runOnlyForDeploymentPostprocessing = 0;
			shellPath = /bin/sh;
			shellScript = "\"${SRCROOT}/Pods/Target Support Files/Pods-MoyaSugar-MoyaSugar-macOS/Pods-MoyaSugar-MoyaSugar-macOS-resources.sh\"\n";
			showEnvVarsInLog = 0;
		};
		FD720EA11A5C108E7C2DD7F0 /* [CP] Check Pods Manifest.lock */ = {
			isa = PBXShellScriptBuildPhase;
			buildActionMask = 2147483647;
			files = (
			);
			inputPaths = (
			);
			name = "[CP] Check Pods Manifest.lock";
			outputPaths = (
			);
			runOnlyForDeploymentPostprocessing = 0;
			shellPath = /bin/sh;
			shellScript = "diff \"${PODS_ROOT}/../Podfile.lock\" \"${PODS_ROOT}/Manifest.lock\" > /dev/null\nif [ $? != 0 ] ; then\n    # print error to STDERR\n    echo \"error: The sandbox is not in sync with the Podfile.lock. Run 'pod install' or update your CocoaPods installation.\" >&2\n    exit 1\nfi\n";
			showEnvVarsInLog = 0;
		};
		FE55A7504B7AFE06B8735891 /* [CP] Check Pods Manifest.lock */ = {
			isa = PBXShellScriptBuildPhase;
			buildActionMask = 2147483647;
			files = (
			);
			inputPaths = (
			);
			name = "[CP] Check Pods Manifest.lock";
			outputPaths = (
			);
			runOnlyForDeploymentPostprocessing = 0;
			shellPath = /bin/sh;
			shellScript = "diff \"${PODS_ROOT}/../Podfile.lock\" \"${PODS_ROOT}/Manifest.lock\" > /dev/null\nif [ $? != 0 ] ; then\n    # print error to STDERR\n    echo \"error: The sandbox is not in sync with the Podfile.lock. Run 'pod install' or update your CocoaPods installation.\" >&2\n    exit 1\nfi\n";
			showEnvVarsInLog = 0;
		};
/* End PBXShellScriptBuildPhase section */

/* Begin PBXSourcesBuildPhase section */
		03B7249F1DB4C7290059D743 /* Sources */ = {
			isa = PBXSourcesBuildPhase;
			buildActionMask = 2147483647;
			files = (
				03B724BD1DB4C82B0059D743 /* Route.swift in Sources */,
				037728541DB4EC0F0019BAA2 /* MoyaSugarProvider.swift in Sources */,
				037728501DB4EBCB0019BAA2 /* SugarTargetType.swift in Sources */,
				037728521DB4EBE60019BAA2 /* Parameters.swift in Sources */,
			);
			runOnlyForDeploymentPostprocessing = 0;
		};
		03B724CD1DB4CC870059D743 /* Sources */ = {
			isa = PBXSourcesBuildPhase;
			buildActionMask = 2147483647;
			files = (
				03DC8CB51DB6179300A4FACE /* GitHubAPI.swift in Sources */,
				03B724DF1DB4CCDE0059D743 /* RouteTests.swift in Sources */,
				037728601DB4F1A10019BAA2 /* ParametersTests.swift in Sources */,
				03DC8CAA1DB5F58900A4FACE /* SugarTargetTypeTests.swift in Sources */,
				03DC8CB21DB6144900A4FACE /* MoyaSugarProviderTests.swift in Sources */,
			);
			runOnlyForDeploymentPostprocessing = 0;
		};
		03B724E01DB4CFF50059D743 /* Sources */ = {
			isa = PBXSourcesBuildPhase;
			buildActionMask = 2147483647;
			files = (
				03B7252E1DB4D10D0059D743 /* Route.swift in Sources */,
				037728551DB4EC2E0019BAA2 /* Parameters.swift in Sources */,
				037728561DB4EC300019BAA2 /* SugarTargetType.swift in Sources */,
				037728571DB4EC310019BAA2 /* MoyaSugarProvider.swift in Sources */,
			);
			runOnlyForDeploymentPostprocessing = 0;
		};
		03B724ED1DB4D0130059D743 /* Sources */ = {
			isa = PBXSourcesBuildPhase;
			buildActionMask = 2147483647;
			files = (
				03DC8CB61DB6179600A4FACE /* GitHubAPI.swift in Sources */,
				03B725301DB4D1170059D743 /* RouteTests.swift in Sources */,
				037728611DB4F1A50019BAA2 /* ParametersTests.swift in Sources */,
				03DC8CAB1DB5F58C00A4FACE /* SugarTargetTypeTests.swift in Sources */,
				03DC8CB11DB6144600A4FACE /* MoyaSugarProviderTests.swift in Sources */,
			);
			runOnlyForDeploymentPostprocessing = 0;
		};
		03B724FC1DB4D01C0059D743 /* Sources */ = {
			isa = PBXSourcesBuildPhase;
			buildActionMask = 2147483647;
			files = (
				03B7252D1DB4D0D30059D743 /* Route.swift in Sources */,
				0377285B1DB4EC430019BAA2 /* Parameters.swift in Sources */,
				0377285C1DB4EC450019BAA2 /* SugarTargetType.swift in Sources */,
				0377285D1DB4EC470019BAA2 /* MoyaSugarProvider.swift in Sources */,
			);
			runOnlyForDeploymentPostprocessing = 0;
		};
		03B7250A1DB4D05E0059D743 /* Sources */ = {
			isa = PBXSourcesBuildPhase;
			buildActionMask = 2147483647;
			files = (
				03B725321DB4D11F0059D743 /* Route.swift in Sources */,
				037728581DB4EC350019BAA2 /* Parameters.swift in Sources */,
				037728591DB4EC360019BAA2 /* SugarTargetType.swift in Sources */,
				0377285A1DB4EC400019BAA2 /* MoyaSugarProvider.swift in Sources */,
			);
			runOnlyForDeploymentPostprocessing = 0;
		};
		03B725171DB4D0660059D743 /* Sources */ = {
			isa = PBXSourcesBuildPhase;
			buildActionMask = 2147483647;
			files = (
				03DC8CB71DB6179800A4FACE /* GitHubAPI.swift in Sources */,
				03B725311DB4D11B0059D743 /* RouteTests.swift in Sources */,
				037728621DB4F1A70019BAA2 /* ParametersTests.swift in Sources */,
				03DC8CAC1DB5F58E00A4FACE /* SugarTargetTypeTests.swift in Sources */,
				03DC8CB01DB6144300A4FACE /* MoyaSugarProviderTests.swift in Sources */,
			);
			runOnlyForDeploymentPostprocessing = 0;
		};
		03EA3C751DB778C10012EFDD /* Sources */ = {
			isa = PBXSourcesBuildPhase;
			buildActionMask = 2147483647;
			files = (
				03EA3C821DB778C70012EFDD /* RxMoyaSugarProvider.swift in Sources */,
			);
			runOnlyForDeploymentPostprocessing = 0;
		};
		03EA3C841DB778EB0012EFDD /* Sources */ = {
			isa = PBXSourcesBuildPhase;
			buildActionMask = 2147483647;
			files = (
				03EA3CAB1DB779150012EFDD /* RxMoyaSugarProvider.swift in Sources */,
			);
			runOnlyForDeploymentPostprocessing = 0;
		};
		03EA3C911DB778F30012EFDD /* Sources */ = {
			isa = PBXSourcesBuildPhase;
			buildActionMask = 2147483647;
			files = (
				03EA3CAC1DB779170012EFDD /* RxMoyaSugarProvider.swift in Sources */,
			);
			runOnlyForDeploymentPostprocessing = 0;
		};
		03EA3C9E1DB778FA0012EFDD /* Sources */ = {
			isa = PBXSourcesBuildPhase;
			buildActionMask = 2147483647;
			files = (
				03EA3CAD1DB7791C0012EFDD /* RxMoyaSugarProvider.swift in Sources */,
			);
			runOnlyForDeploymentPostprocessing = 0;
		};
/* End PBXSourcesBuildPhase section */

/* Begin PBXTargetDependency section */
		03B724D81DB4CC870059D743 /* PBXTargetDependency */ = {
			isa = PBXTargetDependency;
			target = 03B724A31DB4C7290059D743 /* MoyaSugar-iOS */;
			targetProxy = 03B724D71DB4CC870059D743 /* PBXContainerItemProxy */;
		};
		03B724F81DB4D0130059D743 /* PBXTargetDependency */ = {
			isa = PBXTargetDependency;
			target = 03B724E41DB4CFF50059D743 /* MoyaSugar-macOS */;
			targetProxy = 03B724F71DB4D0130059D743 /* PBXContainerItemProxy */;
		};
		03B725221DB4D0660059D743 /* PBXTargetDependency */ = {
			isa = PBXTargetDependency;
			target = 03B7250E1DB4D05E0059D743 /* MoyaSugar-tvOS */;
			targetProxy = 03B725211DB4D0660059D743 /* PBXContainerItemProxy */;
		};
/* End PBXTargetDependency section */

/* Begin XCBuildConfiguration section */
		03B724AA1DB4C7290059D743 /* Debug */ = {
			isa = XCBuildConfiguration;
			buildSettings = {
				ALWAYS_SEARCH_USER_PATHS = NO;
				CLANG_ANALYZER_NONNULL = YES;
				CLANG_CXX_LANGUAGE_STANDARD = "gnu++0x";
				CLANG_CXX_LIBRARY = "libc++";
				CLANG_ENABLE_MODULES = YES;
				CLANG_ENABLE_OBJC_ARC = YES;
				CLANG_WARN_BOOL_CONVERSION = YES;
				CLANG_WARN_CONSTANT_CONVERSION = YES;
				CLANG_WARN_DIRECT_OBJC_ISA_USAGE = YES_ERROR;
				CLANG_WARN_DOCUMENTATION_COMMENTS = YES;
				CLANG_WARN_EMPTY_BODY = YES;
				CLANG_WARN_ENUM_CONVERSION = YES;
				CLANG_WARN_INFINITE_RECURSION = YES;
				CLANG_WARN_INT_CONVERSION = YES;
				CLANG_WARN_OBJC_ROOT_CLASS = YES_ERROR;
				CLANG_WARN_SUSPICIOUS_MOVES = YES;
				CLANG_WARN_UNREACHABLE_CODE = YES;
				CLANG_WARN__DUPLICATE_METHOD_MATCH = YES;
				"CODE_SIGN_IDENTITY[sdk=iphoneos*]" = "iPhone Developer";
				COPY_PHASE_STRIP = NO;
				CURRENT_PROJECT_VERSION = 1;
				DEBUG_INFORMATION_FORMAT = dwarf;
				ENABLE_STRICT_OBJC_MSGSEND = YES;
				ENABLE_TESTABILITY = YES;
				GCC_C_LANGUAGE_STANDARD = gnu99;
				GCC_DYNAMIC_NO_PIC = NO;
				GCC_NO_COMMON_BLOCKS = YES;
				GCC_OPTIMIZATION_LEVEL = 0;
				GCC_PREPROCESSOR_DEFINITIONS = (
					"DEBUG=1",
					"$(inherited)",
				);
				GCC_WARN_64_TO_32_BIT_CONVERSION = YES;
				GCC_WARN_ABOUT_RETURN_TYPE = YES_ERROR;
				GCC_WARN_UNDECLARED_SELECTOR = YES;
				GCC_WARN_UNINITIALIZED_AUTOS = YES_AGGRESSIVE;
				GCC_WARN_UNUSED_FUNCTION = YES;
				GCC_WARN_UNUSED_VARIABLE = YES;
				IPHONEOS_DEPLOYMENT_TARGET = 10.0;
				MTL_ENABLE_DEBUG_INFO = YES;
				ONLY_ACTIVE_ARCH = YES;
				PRODUCT_NAME = MoyaSugar;
				SDKROOT = iphoneos;
				SWIFT_ACTIVE_COMPILATION_CONDITIONS = DEBUG;
				SWIFT_OPTIMIZATION_LEVEL = "-Onone";
				TARGETED_DEVICE_FAMILY = "1,2";
				VERSIONING_SYSTEM = "apple-generic";
				VERSION_INFO_PREFIX = "";
			};
			name = Debug;
		};
		03B724AB1DB4C7290059D743 /* Release */ = {
			isa = XCBuildConfiguration;
			buildSettings = {
				ALWAYS_SEARCH_USER_PATHS = NO;
				CLANG_ANALYZER_NONNULL = YES;
				CLANG_CXX_LANGUAGE_STANDARD = "gnu++0x";
				CLANG_CXX_LIBRARY = "libc++";
				CLANG_ENABLE_MODULES = YES;
				CLANG_ENABLE_OBJC_ARC = YES;
				CLANG_WARN_BOOL_CONVERSION = YES;
				CLANG_WARN_CONSTANT_CONVERSION = YES;
				CLANG_WARN_DIRECT_OBJC_ISA_USAGE = YES_ERROR;
				CLANG_WARN_DOCUMENTATION_COMMENTS = YES;
				CLANG_WARN_EMPTY_BODY = YES;
				CLANG_WARN_ENUM_CONVERSION = YES;
				CLANG_WARN_INFINITE_RECURSION = YES;
				CLANG_WARN_INT_CONVERSION = YES;
				CLANG_WARN_OBJC_ROOT_CLASS = YES_ERROR;
				CLANG_WARN_SUSPICIOUS_MOVES = YES;
				CLANG_WARN_UNREACHABLE_CODE = YES;
				CLANG_WARN__DUPLICATE_METHOD_MATCH = YES;
				"CODE_SIGN_IDENTITY[sdk=iphoneos*]" = "iPhone Developer";
				COPY_PHASE_STRIP = NO;
				CURRENT_PROJECT_VERSION = 1;
				DEBUG_INFORMATION_FORMAT = "dwarf-with-dsym";
				ENABLE_NS_ASSERTIONS = NO;
				ENABLE_STRICT_OBJC_MSGSEND = YES;
				GCC_C_LANGUAGE_STANDARD = gnu99;
				GCC_NO_COMMON_BLOCKS = YES;
				GCC_WARN_64_TO_32_BIT_CONVERSION = YES;
				GCC_WARN_ABOUT_RETURN_TYPE = YES_ERROR;
				GCC_WARN_UNDECLARED_SELECTOR = YES;
				GCC_WARN_UNINITIALIZED_AUTOS = YES_AGGRESSIVE;
				GCC_WARN_UNUSED_FUNCTION = YES;
				GCC_WARN_UNUSED_VARIABLE = YES;
				IPHONEOS_DEPLOYMENT_TARGET = 10.0;
				MTL_ENABLE_DEBUG_INFO = NO;
				PRODUCT_NAME = MoyaSugar;
				SDKROOT = iphoneos;
				SWIFT_OPTIMIZATION_LEVEL = "-Owholemodule";
				TARGETED_DEVICE_FAMILY = "1,2";
				VALIDATE_PRODUCT = YES;
				VERSIONING_SYSTEM = "apple-generic";
				VERSION_INFO_PREFIX = "";
			};
			name = Release;
		};
		03B724AD1DB4C7290059D743 /* Debug */ = {
			isa = XCBuildConfiguration;
			baseConfigurationReference = A8E3D99DE64021783374583E /* Pods-MoyaSugar-MoyaSugar-iOS.debug.xcconfig */;
			buildSettings = {
				CLANG_ENABLE_MODULES = YES;
				CODE_SIGN_IDENTITY = "";
				DEFINES_MODULE = YES;
				DYLIB_COMPATIBILITY_VERSION = 1;
				DYLIB_CURRENT_VERSION = 1;
				DYLIB_INSTALL_NAME_BASE = "@rpath";
				INFOPLIST_FILE = "Supporting Files/Info-iOS.plist";
				INSTALL_PATH = "$(LOCAL_LIBRARY_DIR)/Frameworks";
				LD_RUNPATH_SEARCH_PATHS = "$(inherited) @executable_path/Frameworks @loader_path/Frameworks";
				PRODUCT_BUNDLE_IDENTIFIER = kr.xoul.MoyaSugar;
				PRODUCT_NAME = MoyaSugar;
				SKIP_INSTALL = YES;
				SWIFT_OPTIMIZATION_LEVEL = "-Onone";
				SWIFT_VERSION = 3.0;
			};
			name = Debug;
		};
		03B724AE1DB4C7290059D743 /* Release */ = {
			isa = XCBuildConfiguration;
			baseConfigurationReference = 457634B02631850D67F4EF13 /* Pods-MoyaSugar-MoyaSugar-iOS.release.xcconfig */;
			buildSettings = {
				CLANG_ENABLE_MODULES = YES;
				CODE_SIGN_IDENTITY = "";
				DEFINES_MODULE = YES;
				DYLIB_COMPATIBILITY_VERSION = 1;
				DYLIB_CURRENT_VERSION = 1;
				DYLIB_INSTALL_NAME_BASE = "@rpath";
				INFOPLIST_FILE = "Supporting Files/Info-iOS.plist";
				INSTALL_PATH = "$(LOCAL_LIBRARY_DIR)/Frameworks";
				LD_RUNPATH_SEARCH_PATHS = "$(inherited) @executable_path/Frameworks @loader_path/Frameworks";
				PRODUCT_BUNDLE_IDENTIFIER = kr.xoul.MoyaSugar;
				PRODUCT_NAME = MoyaSugar;
				SKIP_INSTALL = YES;
				SWIFT_VERSION = 3.0;
			};
			name = Release;
		};
		03B724DA1DB4CC870059D743 /* Debug */ = {
			isa = XCBuildConfiguration;
			baseConfigurationReference = 4B4FA23232A66BBEDD6EAD4D /* Pods-MoyaSugar-Tests-MoyaSugar-iOS-Tests.debug.xcconfig */;
			buildSettings = {
				INFOPLIST_FILE = "Supporting Files/Info-iOS.plist";
				LD_RUNPATH_SEARCH_PATHS = "$(inherited) @executable_path/Frameworks @loader_path/Frameworks";
				PRODUCT_BUNDLE_IDENTIFIER = "kr.xoul.MoyaSugar-iOS-Tests";
				PRODUCT_NAME = "$(TARGET_NAME)";
				SWIFT_VERSION = 3.0;
			};
			name = Debug;
		};
		03B724DB1DB4CC870059D743 /* Release */ = {
			isa = XCBuildConfiguration;
			baseConfigurationReference = 12D4C908A3EC81613E59805E /* Pods-MoyaSugar-Tests-MoyaSugar-iOS-Tests.release.xcconfig */;
			buildSettings = {
				INFOPLIST_FILE = "Supporting Files/Info-iOS.plist";
				LD_RUNPATH_SEARCH_PATHS = "$(inherited) @executable_path/Frameworks @loader_path/Frameworks";
				PRODUCT_BUNDLE_IDENTIFIER = "kr.xoul.MoyaSugar-iOS-Tests";
				PRODUCT_NAME = "$(TARGET_NAME)";
				SWIFT_VERSION = 3.0;
			};
			name = Release;
		};
		03B724EB1DB4CFF50059D743 /* Debug */ = {
			isa = XCBuildConfiguration;
			baseConfigurationReference = 53905742A614069161C913C4 /* Pods-MoyaSugar-MoyaSugar-macOS.debug.xcconfig */;
			buildSettings = {
				CODE_SIGN_IDENTITY = "-";
				COMBINE_HIDPI_IMAGES = YES;
				DEFINES_MODULE = YES;
				DYLIB_COMPATIBILITY_VERSION = 1;
				DYLIB_CURRENT_VERSION = 1;
				DYLIB_INSTALL_NAME_BASE = "@rpath";
				FRAMEWORK_VERSION = A;
				INFOPLIST_FILE = "Supporting Files/Info-macOS.plist";
				INSTALL_PATH = "$(LOCAL_LIBRARY_DIR)/Frameworks";
				LD_RUNPATH_SEARCH_PATHS = "$(inherited) @executable_path/../Frameworks @loader_path/Frameworks";
				MACOSX_DEPLOYMENT_TARGET = 10.12;
				PRODUCT_BUNDLE_IDENTIFIER = "kr.xoul.MoyaSugar-macOS";
				PRODUCT_NAME = MoyaSugar;
				SDKROOT = macosx;
				SKIP_INSTALL = YES;
				SWIFT_VERSION = 3.0;
			};
			name = Debug;
		};
		03B724EC1DB4CFF50059D743 /* Release */ = {
			isa = XCBuildConfiguration;
			baseConfigurationReference = 56F1496329C3F0D55BFB9CDD /* Pods-MoyaSugar-MoyaSugar-macOS.release.xcconfig */;
			buildSettings = {
				CODE_SIGN_IDENTITY = "-";
				COMBINE_HIDPI_IMAGES = YES;
				DEFINES_MODULE = YES;
				DYLIB_COMPATIBILITY_VERSION = 1;
				DYLIB_CURRENT_VERSION = 1;
				DYLIB_INSTALL_NAME_BASE = "@rpath";
				FRAMEWORK_VERSION = A;
				INFOPLIST_FILE = "Supporting Files/Info-macOS.plist";
				INSTALL_PATH = "$(LOCAL_LIBRARY_DIR)/Frameworks";
				LD_RUNPATH_SEARCH_PATHS = "$(inherited) @executable_path/../Frameworks @loader_path/Frameworks";
				MACOSX_DEPLOYMENT_TARGET = 10.12;
				PRODUCT_BUNDLE_IDENTIFIER = "kr.xoul.MoyaSugar-macOS";
				PRODUCT_NAME = MoyaSugar;
				SDKROOT = macosx;
				SKIP_INSTALL = YES;
				SWIFT_VERSION = 3.0;
			};
			name = Release;
		};
		03B724FA1DB4D0130059D743 /* Debug */ = {
			isa = XCBuildConfiguration;
			baseConfigurationReference = AD8463E4872EDBDCD2CAB6A6 /* Pods-MoyaSugar-Tests-MoyaSugar-macOS-Tests.debug.xcconfig */;
			buildSettings = {
				CODE_SIGN_IDENTITY = "-";
				COMBINE_HIDPI_IMAGES = YES;
				INFOPLIST_FILE = "Supporting Files/Info-macOS.plist";
				LD_RUNPATH_SEARCH_PATHS = "$(inherited) @executable_path/../Frameworks @loader_path/../Frameworks";
				MACOSX_DEPLOYMENT_TARGET = 10.12;
				PRODUCT_BUNDLE_IDENTIFIER = "kr.xoul.MoyaSugar-macOS-Tests";
				PRODUCT_NAME = "$(TARGET_NAME)";
				SDKROOT = macosx;
				SWIFT_VERSION = 3.0;
			};
			name = Debug;
		};
		03B724FB1DB4D0130059D743 /* Release */ = {
			isa = XCBuildConfiguration;
			baseConfigurationReference = 04E85CDB5474A3691249CA33 /* Pods-MoyaSugar-Tests-MoyaSugar-macOS-Tests.release.xcconfig */;
			buildSettings = {
				CODE_SIGN_IDENTITY = "-";
				COMBINE_HIDPI_IMAGES = YES;
				INFOPLIST_FILE = "Supporting Files/Info-macOS.plist";
				LD_RUNPATH_SEARCH_PATHS = "$(inherited) @executable_path/../Frameworks @loader_path/../Frameworks";
				MACOSX_DEPLOYMENT_TARGET = 10.12;
				PRODUCT_BUNDLE_IDENTIFIER = "kr.xoul.MoyaSugar-macOS-Tests";
				PRODUCT_NAME = "$(TARGET_NAME)";
				SDKROOT = macosx;
				SWIFT_VERSION = 3.0;
			};
			name = Release;
		};
		03B725071DB4D01C0059D743 /* Debug */ = {
			isa = XCBuildConfiguration;
			baseConfigurationReference = 1439F85AD89837C2AE323452 /* Pods-MoyaSugar-MoyaSugar-watchOS.debug.xcconfig */;
			buildSettings = {
				APPLICATION_EXTENSION_API_ONLY = YES;
				CODE_SIGN_IDENTITY = "";
				DEFINES_MODULE = YES;
				DYLIB_COMPATIBILITY_VERSION = 1;
				DYLIB_CURRENT_VERSION = 1;
				DYLIB_INSTALL_NAME_BASE = "@rpath";
				INFOPLIST_FILE = "Supporting Files/Info-watchOS.plist";
				INSTALL_PATH = "$(LOCAL_LIBRARY_DIR)/Frameworks";
				LD_RUNPATH_SEARCH_PATHS = "$(inherited) @executable_path/Frameworks @loader_path/Frameworks";
				PRODUCT_BUNDLE_IDENTIFIER = "kr.xoul.MoyaSugar-watchOS";
				PRODUCT_NAME = MoyaSugar;
				SDKROOT = watchos;
				SKIP_INSTALL = YES;
				SWIFT_VERSION = 3.0;
				TARGETED_DEVICE_FAMILY = 4;
				WATCHOS_DEPLOYMENT_TARGET = 3.0;
			};
			name = Debug;
		};
		03B725081DB4D01C0059D743 /* Release */ = {
			isa = XCBuildConfiguration;
			baseConfigurationReference = 91AD495F88A489204236A640 /* Pods-MoyaSugar-MoyaSugar-watchOS.release.xcconfig */;
			buildSettings = {
				APPLICATION_EXTENSION_API_ONLY = YES;
				CODE_SIGN_IDENTITY = "";
				DEFINES_MODULE = YES;
				DYLIB_COMPATIBILITY_VERSION = 1;
				DYLIB_CURRENT_VERSION = 1;
				DYLIB_INSTALL_NAME_BASE = "@rpath";
				INFOPLIST_FILE = "Supporting Files/Info-watchOS.plist";
				INSTALL_PATH = "$(LOCAL_LIBRARY_DIR)/Frameworks";
				LD_RUNPATH_SEARCH_PATHS = "$(inherited) @executable_path/Frameworks @loader_path/Frameworks";
				PRODUCT_BUNDLE_IDENTIFIER = "kr.xoul.MoyaSugar-watchOS";
				PRODUCT_NAME = MoyaSugar;
				SDKROOT = watchos;
				SKIP_INSTALL = YES;
				SWIFT_VERSION = 3.0;
				TARGETED_DEVICE_FAMILY = 4;
				WATCHOS_DEPLOYMENT_TARGET = 3.0;
			};
			name = Release;
		};
		03B725151DB4D05E0059D743 /* Debug */ = {
			isa = XCBuildConfiguration;
			baseConfigurationReference = C5BB4404AFB85CDDEB103EC5 /* Pods-MoyaSugar-MoyaSugar-tvOS.debug.xcconfig */;
			buildSettings = {
				CODE_SIGN_IDENTITY = "";
				DEFINES_MODULE = YES;
				DYLIB_COMPATIBILITY_VERSION = 1;
				DYLIB_CURRENT_VERSION = 1;
				DYLIB_INSTALL_NAME_BASE = "@rpath";
				INFOPLIST_FILE = "Supporting Files/Info-tvOS.plist";
				INSTALL_PATH = "$(LOCAL_LIBRARY_DIR)/Frameworks";
				LD_RUNPATH_SEARCH_PATHS = "$(inherited) @executable_path/Frameworks @loader_path/Frameworks";
				PRODUCT_BUNDLE_IDENTIFIER = "kr.xoul.MoyaSugar-tvOS";
				PRODUCT_NAME = MoyaSugar;
				SDKROOT = appletvos;
				SKIP_INSTALL = YES;
				SWIFT_VERSION = 3.0;
				TARGETED_DEVICE_FAMILY = 3;
				TVOS_DEPLOYMENT_TARGET = 10.0;
			};
			name = Debug;
		};
		03B725161DB4D05E0059D743 /* Release */ = {
			isa = XCBuildConfiguration;
			baseConfigurationReference = 3AB516DD54C0FC1B894E26F8 /* Pods-MoyaSugar-MoyaSugar-tvOS.release.xcconfig */;
			buildSettings = {
				CODE_SIGN_IDENTITY = "";
				DEFINES_MODULE = YES;
				DYLIB_COMPATIBILITY_VERSION = 1;
				DYLIB_CURRENT_VERSION = 1;
				DYLIB_INSTALL_NAME_BASE = "@rpath";
				INFOPLIST_FILE = "Supporting Files/Info-tvOS.plist";
				INSTALL_PATH = "$(LOCAL_LIBRARY_DIR)/Frameworks";
				LD_RUNPATH_SEARCH_PATHS = "$(inherited) @executable_path/Frameworks @loader_path/Frameworks";
				PRODUCT_BUNDLE_IDENTIFIER = "kr.xoul.MoyaSugar-tvOS";
				PRODUCT_NAME = MoyaSugar;
				SDKROOT = appletvos;
				SKIP_INSTALL = YES;
				SWIFT_VERSION = 3.0;
				TARGETED_DEVICE_FAMILY = 3;
				TVOS_DEPLOYMENT_TARGET = 10.0;
			};
			name = Release;
		};
		03B725241DB4D0660059D743 /* Debug */ = {
			isa = XCBuildConfiguration;
			baseConfigurationReference = EFE14FB610AA50A1B97DE8FA /* Pods-MoyaSugar-Tests-MoyaSugar-tvOS-Tests.debug.xcconfig */;
			buildSettings = {
				INFOPLIST_FILE = "Supporting Files/Info-tvOS.plist";
				LD_RUNPATH_SEARCH_PATHS = "$(inherited) @executable_path/Frameworks @loader_path/Frameworks";
				PRODUCT_BUNDLE_IDENTIFIER = "kr.xoul.MoyaSugar-tvOS-Tests";
				PRODUCT_NAME = "$(TARGET_NAME)";
				SDKROOT = appletvos;
				SWIFT_VERSION = 3.0;
				TVOS_DEPLOYMENT_TARGET = 10.0;
			};
			name = Debug;
		};
		03B725251DB4D0660059D743 /* Release */ = {
			isa = XCBuildConfiguration;
			baseConfigurationReference = CAD2FFE1E9F13A2B371B2B66 /* Pods-MoyaSugar-Tests-MoyaSugar-tvOS-Tests.release.xcconfig */;
			buildSettings = {
				INFOPLIST_FILE = "Supporting Files/Info-tvOS.plist";
				LD_RUNPATH_SEARCH_PATHS = "$(inherited) @executable_path/Frameworks @loader_path/Frameworks";
				PRODUCT_BUNDLE_IDENTIFIER = "kr.xoul.MoyaSugar-tvOS-Tests";
				PRODUCT_NAME = "$(TARGET_NAME)";
				SDKROOT = appletvos;
				SWIFT_VERSION = 3.0;
				TVOS_DEPLOYMENT_TARGET = 10.0;
			};
			name = Release;
		};
		03EA3C801DB778C10012EFDD /* Debug */ = {
			isa = XCBuildConfiguration;
			baseConfigurationReference = 37A3940A8170B4E2FED6BF95 /* Pods-MoyaSugar-RxMoyaSugar-RxMoyaSugar-iOS.debug.xcconfig */;
			buildSettings = {
				CODE_SIGN_IDENTITY = "";
				DEFINES_MODULE = YES;
				DYLIB_COMPATIBILITY_VERSION = 1;
				DYLIB_CURRENT_VERSION = 1;
				DYLIB_INSTALL_NAME_BASE = "@rpath";
				INFOPLIST_FILE = "Supporting Files/Info-iOS.plist";
				INSTALL_PATH = "$(LOCAL_LIBRARY_DIR)/Frameworks";
				LD_RUNPATH_SEARCH_PATHS = "$(inherited) @executable_path/Frameworks @loader_path/Frameworks";
				PRODUCT_BUNDLE_IDENTIFIER = "kr.xoul.RxMoyaSugar-iOS";
				PRODUCT_NAME = RxMoyaSugar;
				SKIP_INSTALL = YES;
				SWIFT_VERSION = 3.0;
			};
			name = Debug;
		};
		03EA3C811DB778C10012EFDD /* Release */ = {
			isa = XCBuildConfiguration;
			baseConfigurationReference = F9C8AADD875B34F5138D0760 /* Pods-MoyaSugar-RxMoyaSugar-RxMoyaSugar-iOS.release.xcconfig */;
			buildSettings = {
				CODE_SIGN_IDENTITY = "";
				DEFINES_MODULE = YES;
				DYLIB_COMPATIBILITY_VERSION = 1;
				DYLIB_CURRENT_VERSION = 1;
				DYLIB_INSTALL_NAME_BASE = "@rpath";
				INFOPLIST_FILE = "Supporting Files/Info-iOS.plist";
				INSTALL_PATH = "$(LOCAL_LIBRARY_DIR)/Frameworks";
				LD_RUNPATH_SEARCH_PATHS = "$(inherited) @executable_path/Frameworks @loader_path/Frameworks";
				PRODUCT_BUNDLE_IDENTIFIER = "kr.xoul.RxMoyaSugar-iOS";
				PRODUCT_NAME = RxMoyaSugar;
				SKIP_INSTALL = YES;
				SWIFT_VERSION = 3.0;
			};
			name = Release;
		};
		03EA3C8F1DB778EB0012EFDD /* Debug */ = {
			isa = XCBuildConfiguration;
			baseConfigurationReference = CB0D95FE6B25023D3B420576 /* Pods-MoyaSugar-RxMoyaSugar-RxMoyaSugar-macOS.debug.xcconfig */;
			buildSettings = {
				CODE_SIGN_IDENTITY = "-";
				COMBINE_HIDPI_IMAGES = YES;
				DEFINES_MODULE = YES;
				DYLIB_COMPATIBILITY_VERSION = 1;
				DYLIB_CURRENT_VERSION = 1;
				DYLIB_INSTALL_NAME_BASE = "@rpath";
				FRAMEWORK_VERSION = A;
				INFOPLIST_FILE = "Supporting Files/Info-macOS.plist";
				INSTALL_PATH = "$(LOCAL_LIBRARY_DIR)/Frameworks";
				LD_RUNPATH_SEARCH_PATHS = "$(inherited) @executable_path/../Frameworks @loader_path/Frameworks";
				MACOSX_DEPLOYMENT_TARGET = 10.12;
				PRODUCT_BUNDLE_IDENTIFIER = "kr.xoul.RxMoyaSugar-macOS";
				PRODUCT_NAME = RxMoyaSugar;
				SDKROOT = macosx;
				SKIP_INSTALL = YES;
				SWIFT_VERSION = 3.0;
			};
			name = Debug;
		};
		03EA3C901DB778EB0012EFDD /* Release */ = {
			isa = XCBuildConfiguration;
			baseConfigurationReference = 8CC2F5EC9FAFCC0EB9564F42 /* Pods-MoyaSugar-RxMoyaSugar-RxMoyaSugar-macOS.release.xcconfig */;
			buildSettings = {
				CODE_SIGN_IDENTITY = "-";
				COMBINE_HIDPI_IMAGES = YES;
				DEFINES_MODULE = YES;
				DYLIB_COMPATIBILITY_VERSION = 1;
				DYLIB_CURRENT_VERSION = 1;
				DYLIB_INSTALL_NAME_BASE = "@rpath";
				FRAMEWORK_VERSION = A;
				INFOPLIST_FILE = "Supporting Files/Info-macOS.plist";
				INSTALL_PATH = "$(LOCAL_LIBRARY_DIR)/Frameworks";
				LD_RUNPATH_SEARCH_PATHS = "$(inherited) @executable_path/../Frameworks @loader_path/Frameworks";
				MACOSX_DEPLOYMENT_TARGET = 10.12;
				PRODUCT_BUNDLE_IDENTIFIER = "kr.xoul.RxMoyaSugar-macOS";
				PRODUCT_NAME = RxMoyaSugar;
				SDKROOT = macosx;
				SKIP_INSTALL = YES;
				SWIFT_VERSION = 3.0;
			};
			name = Release;
		};
		03EA3C9C1DB778F40012EFDD /* Debug */ = {
			isa = XCBuildConfiguration;
			baseConfigurationReference = 8CA592201418145F2A215329 /* Pods-MoyaSugar-RxMoyaSugar-RxMoyaSugar-tvOS.debug.xcconfig */;
			buildSettings = {
				CODE_SIGN_IDENTITY = "";
				DEFINES_MODULE = YES;
				DYLIB_COMPATIBILITY_VERSION = 1;
				DYLIB_CURRENT_VERSION = 1;
				DYLIB_INSTALL_NAME_BASE = "@rpath";
				INFOPLIST_FILE = "Supporting Files/Info-tvOS.plist";
				INSTALL_PATH = "$(LOCAL_LIBRARY_DIR)/Frameworks";
				LD_RUNPATH_SEARCH_PATHS = "$(inherited) @executable_path/Frameworks @loader_path/Frameworks";
				PRODUCT_BUNDLE_IDENTIFIER = "kr.xoul.RxMoyaSugar-tvOS";
				PRODUCT_NAME = RxMoyaSugar;
				SDKROOT = appletvos;
				SKIP_INSTALL = YES;
				SWIFT_VERSION = 3.0;
				TARGETED_DEVICE_FAMILY = 3;
				TVOS_DEPLOYMENT_TARGET = 10.0;
			};
			name = Debug;
		};
		03EA3C9D1DB778F40012EFDD /* Release */ = {
			isa = XCBuildConfiguration;
			baseConfigurationReference = 1E443976D30D33A633620D75 /* Pods-MoyaSugar-RxMoyaSugar-RxMoyaSugar-tvOS.release.xcconfig */;
			buildSettings = {
				CODE_SIGN_IDENTITY = "";
				DEFINES_MODULE = YES;
				DYLIB_COMPATIBILITY_VERSION = 1;
				DYLIB_CURRENT_VERSION = 1;
				DYLIB_INSTALL_NAME_BASE = "@rpath";
				INFOPLIST_FILE = "Supporting Files/Info-tvOS.plist";
				INSTALL_PATH = "$(LOCAL_LIBRARY_DIR)/Frameworks";
				LD_RUNPATH_SEARCH_PATHS = "$(inherited) @executable_path/Frameworks @loader_path/Frameworks";
				PRODUCT_BUNDLE_IDENTIFIER = "kr.xoul.RxMoyaSugar-tvOS";
				PRODUCT_NAME = RxMoyaSugar;
				SDKROOT = appletvos;
				SKIP_INSTALL = YES;
				SWIFT_VERSION = 3.0;
				TARGETED_DEVICE_FAMILY = 3;
				TVOS_DEPLOYMENT_TARGET = 10.0;
			};
			name = Release;
		};
		03EA3CA91DB778FA0012EFDD /* Debug */ = {
			isa = XCBuildConfiguration;
			baseConfigurationReference = 7393BA6A8C41591509D03711 /* Pods-MoyaSugar-RxMoyaSugar-RxMoyaSugar-watchOS.debug.xcconfig */;
			buildSettings = {
				APPLICATION_EXTENSION_API_ONLY = YES;
				CODE_SIGN_IDENTITY = "";
				DEFINES_MODULE = YES;
				DYLIB_COMPATIBILITY_VERSION = 1;
				DYLIB_CURRENT_VERSION = 1;
				DYLIB_INSTALL_NAME_BASE = "@rpath";
				INFOPLIST_FILE = "Supporting Files/Info-watchOS.plist";
				INSTALL_PATH = "$(LOCAL_LIBRARY_DIR)/Frameworks";
				LD_RUNPATH_SEARCH_PATHS = "$(inherited) @executable_path/Frameworks @loader_path/Frameworks";
				PRODUCT_BUNDLE_IDENTIFIER = "kr.xoul.RxMoyaSugar-watchOS";
				PRODUCT_NAME = RxMoyaSugar;
				SDKROOT = watchos;
				SKIP_INSTALL = YES;
				SWIFT_VERSION = 3.0;
				TARGETED_DEVICE_FAMILY = 4;
				WATCHOS_DEPLOYMENT_TARGET = 3.0;
			};
			name = Debug;
		};
		03EA3CAA1DB778FA0012EFDD /* Release */ = {
			isa = XCBuildConfiguration;
			baseConfigurationReference = 5BD07B3F88785ECCC17513D9 /* Pods-MoyaSugar-RxMoyaSugar-RxMoyaSugar-watchOS.release.xcconfig */;
			buildSettings = {
				APPLICATION_EXTENSION_API_ONLY = YES;
				CODE_SIGN_IDENTITY = "";
				DEFINES_MODULE = YES;
				DYLIB_COMPATIBILITY_VERSION = 1;
				DYLIB_CURRENT_VERSION = 1;
				DYLIB_INSTALL_NAME_BASE = "@rpath";
				INFOPLIST_FILE = "Supporting Files/Info-watchOS.plist";
				INSTALL_PATH = "$(LOCAL_LIBRARY_DIR)/Frameworks";
				LD_RUNPATH_SEARCH_PATHS = "$(inherited) @executable_path/Frameworks @loader_path/Frameworks";
				PRODUCT_BUNDLE_IDENTIFIER = "kr.xoul.RxMoyaSugar-watchOS";
				PRODUCT_NAME = RxMoyaSugar;
				SDKROOT = watchos;
				SKIP_INSTALL = YES;
				SWIFT_VERSION = 3.0;
				TARGETED_DEVICE_FAMILY = 4;
				WATCHOS_DEPLOYMENT_TARGET = 3.0;
			};
			name = Release;
		};
/* End XCBuildConfiguration section */

/* Begin XCConfigurationList section */
		03B7249E1DB4C7290059D743 /* Build configuration list for PBXProject "MoyaSugar" */ = {
			isa = XCConfigurationList;
			buildConfigurations = (
				03B724AA1DB4C7290059D743 /* Debug */,
				03B724AB1DB4C7290059D743 /* Release */,
			);
			defaultConfigurationIsVisible = 0;
			defaultConfigurationName = Release;
		};
		03B724AC1DB4C7290059D743 /* Build configuration list for PBXNativeTarget "MoyaSugar-iOS" */ = {
			isa = XCConfigurationList;
			buildConfigurations = (
				03B724AD1DB4C7290059D743 /* Debug */,
				03B724AE1DB4C7290059D743 /* Release */,
			);
			defaultConfigurationIsVisible = 0;
			defaultConfigurationName = Release;
		};
		03B724D91DB4CC870059D743 /* Build configuration list for PBXNativeTarget "MoyaSugar-iOS-Tests" */ = {
			isa = XCConfigurationList;
			buildConfigurations = (
				03B724DA1DB4CC870059D743 /* Debug */,
				03B724DB1DB4CC870059D743 /* Release */,
			);
			defaultConfigurationIsVisible = 0;
			defaultConfigurationName = Release;
		};
		03B724EA1DB4CFF50059D743 /* Build configuration list for PBXNativeTarget "MoyaSugar-macOS" */ = {
			isa = XCConfigurationList;
			buildConfigurations = (
				03B724EB1DB4CFF50059D743 /* Debug */,
				03B724EC1DB4CFF50059D743 /* Release */,
			);
			defaultConfigurationIsVisible = 0;
			defaultConfigurationName = Release;
		};
		03B724F91DB4D0130059D743 /* Build configuration list for PBXNativeTarget "MoyaSugar-macOS-Tests" */ = {
			isa = XCConfigurationList;
			buildConfigurations = (
				03B724FA1DB4D0130059D743 /* Debug */,
				03B724FB1DB4D0130059D743 /* Release */,
			);
			defaultConfigurationIsVisible = 0;
			defaultConfigurationName = Release;
		};
		03B725061DB4D01C0059D743 /* Build configuration list for PBXNativeTarget "MoyaSugar-watchOS" */ = {
			isa = XCConfigurationList;
			buildConfigurations = (
				03B725071DB4D01C0059D743 /* Debug */,
				03B725081DB4D01C0059D743 /* Release */,
			);
			defaultConfigurationIsVisible = 0;
			defaultConfigurationName = Release;
		};
		03B725141DB4D05E0059D743 /* Build configuration list for PBXNativeTarget "MoyaSugar-tvOS" */ = {
			isa = XCConfigurationList;
			buildConfigurations = (
				03B725151DB4D05E0059D743 /* Debug */,
				03B725161DB4D05E0059D743 /* Release */,
			);
			defaultConfigurationIsVisible = 0;
			defaultConfigurationName = Release;
		};
		03B725231DB4D0660059D743 /* Build configuration list for PBXNativeTarget "MoyaSugar-tvOS-Tests" */ = {
			isa = XCConfigurationList;
			buildConfigurations = (
				03B725241DB4D0660059D743 /* Debug */,
				03B725251DB4D0660059D743 /* Release */,
			);
			defaultConfigurationIsVisible = 0;
			defaultConfigurationName = Release;
		};
		03EA3C7F1DB778C10012EFDD /* Build configuration list for PBXNativeTarget "RxMoyaSugar-iOS" */ = {
			isa = XCConfigurationList;
			buildConfigurations = (
				03EA3C801DB778C10012EFDD /* Debug */,
				03EA3C811DB778C10012EFDD /* Release */,
			);
			defaultConfigurationIsVisible = 0;
			defaultConfigurationName = Release;
		};
		03EA3C8E1DB778EB0012EFDD /* Build configuration list for PBXNativeTarget "RxMoyaSugar-macOS" */ = {
			isa = XCConfigurationList;
			buildConfigurations = (
				03EA3C8F1DB778EB0012EFDD /* Debug */,
				03EA3C901DB778EB0012EFDD /* Release */,
			);
			defaultConfigurationIsVisible = 0;
			defaultConfigurationName = Release;
		};
		03EA3C9B1DB778F40012EFDD /* Build configuration list for PBXNativeTarget "RxMoyaSugar-tvOS" */ = {
			isa = XCConfigurationList;
			buildConfigurations = (
				03EA3C9C1DB778F40012EFDD /* Debug */,
				03EA3C9D1DB778F40012EFDD /* Release */,
			);
			defaultConfigurationIsVisible = 0;
			defaultConfigurationName = Release;
		};
		03EA3CA81DB778FA0012EFDD /* Build configuration list for PBXNativeTarget "RxMoyaSugar-watchOS" */ = {
			isa = XCConfigurationList;
			buildConfigurations = (
				03EA3CA91DB778FA0012EFDD /* Debug */,
				03EA3CAA1DB778FA0012EFDD /* Release */,
			);
			defaultConfigurationIsVisible = 0;
			defaultConfigurationName = Release;
		};
/* End XCConfigurationList section */
	};
	rootObject = 03B7249B1DB4C7290059D743 /* Project object */;
}
