{
  "object": {
    "pins": [
      {
        "package": "Alamofire",
        "repositoryURL": "https://github.com/Alamofire/Alamofire.git",
        "state": {
          "branch": null,
          "revision": "354dda32d89fc8cd4f5c46487f64957d355f53d8",
          "version": "5.6.1"
        }
      },
      {
        "package": "Immutable",
        "repositoryURL": "https://github.com/devxoul/Immutable.git",
        "state": {
          "branch": null,
          "revision": "3701f738a11b8f65b6f740ffd0978d200b466c4a",
          "version": "0.6.0"
        }
      },
      {
        "package": "Moya",
        "repositoryURL": "https://github.com/Moya/Moya.git",
        "state": {
          "branch": null,
          "revision": "9b906860e3c3c09032879465c471e6375829593f",
          "version": "15.0.0"
        }
      },
      {
        "package": "ReactiveSwift",
        "repositoryURL": "https://github.com/ReactiveCocoa/ReactiveSwift.git",
        "state": {
          "branch": null,
          "revision": "c43bae3dac73fdd3cb906bd5a1914686ca71ed3c",
          "version": "6.7.0"
        }
      },
      {
        "package": "RxSwift",
        "repositoryURL": "https://github.com/ReactiveX/RxSwift.git",
        "state": {
          "branch": null,
          "revision": "b4307ba0b6425c0ba4178e138799946c3da594f8",
          "version": "6.5.0"
        }
      },
      {
        "package": "Then",
        "repositoryURL": "https://github.com/devxoul/Then.git",
        "state": {
          "branch": null,
          "revision": "6792b283705e65385a203ed5793fa269bc1221bf",
          "version": "2.6.0"
        }
      }
    ]
  },
  "version": 1
}
